PODS:
  - Akane (0.14.0):
    - Bond (~> 4.x)
    - HasAssociatedObjects
  - Bond (4.3.1)
  - HasAssociatedObjects (0.1.1)

DEPENDENCIES:
  - Akane (from `https://github.com/akane/Akane.git`, branch `command-fix`)

EXTERNAL SOURCES:
  Akane:
    :branch: command-fix
    :git: https://github.com/akane/Akane.git

CHECKOUT OPTIONS:
  Akane:
    :commit: 42fea8f5ebef0ea555301a97ce3c0ef1c5ca2172
    :git: https://github.com/akane/Akane.git

SPEC CHECKSUMS:
  Akane: 6f167c4159fd2a334ecb09b594c3f8ae6382ad1e
  Bond: 55903fc67f09e8e49791a657163cabba1d6fb29d
  HasAssociatedObjects: 5fe944d22f26ea708d0b9e188fdec3236ef3b95b

PODFILE CHECKSUM: c9d16882098c44dbaa54c062db8469d1adec1669

COCOAPODS: 1.0.1
