PODS:
  - Akane (0.15.1):
    - Akane/Bond (= 0.15.1)
    - Akane/Core (= 0.15.1)
  - Akane/Bond (0.15.1):
    - Akane/Core
    - Bond (~> 6.x)
  - Akane/Core (0.15.1):
    - HasAssociatedObjects
  - Bond (6.2.6):
    - Diff (~> 0.4)
    - ReactiveKit (~> 3.5.3)
  - Diff (0.5.3)
  - HasAssociatedObjects (1.0.0)
  - ReactiveKit (3.5.3)

DEPENDENCIES:
  - Akane (from `../`)

EXTERNAL SOURCES:
  Akane:
    :path: "../"

SPEC CHECKSUMS:
  Akane: bd5d25a03b826b63864c9fe52db7c779931069be
  Bond: 0d7a52e9aec644c3b4985ceeb224a402b1efd691
  Diff: befa1d19c32726b2b36ce915d98793e2fbde8dcc
  HasAssociatedObjects: 615e2d92ceb8c7ecb3691dd3441d6a12340f7770
  ReactiveKit: 39a0723167d04107140cf540f04526deecd18891

PODFILE CHECKSUM: 12ab884ca52938cb345827912092723563b322ca

COCOAPODS: 1.2.1
