// !$*UTF8*$!
{
	archiveVersion = 1;
	classes = {
	};
	objectVersion = 46;
	objects = {

/* Begin PBXBuildFile section */
		49AB0C421FF01F7F00F5D103 /* NavbarItemDisplayer.swift in Sources */ = {isa = PBXBuildFile; fileRef = 49AB0C411FF01F7F00F5D103 /* NavbarItemDisplayer.swift */; };
		67A9D1F447714804935A6475 /* Pods_Example.framework in Frameworks */ = {isa = PBXBuildFile; fileRef = 19C23AB09EB85867DD446EE3 /* Pods_Example.framework */; };
		860162FA1D8A92B100037600 /* AppDelegate.swift in Sources */ = {isa = PBXBuildFile; fileRef = 860162F91D8A92B100037600 /* AppDelegate.swift */; };
		860162FF1D8A92B100037600 /* Main.storyboard in Resources */ = {isa = PBXBuildFile; fileRef = 860162FD1D8A92B100037600 /* Main.storyboard */; };
		860163011D8A92B100037600 /* Assets.xcassets in Resources */ = {isa = PBXBuildFile; fileRef = 860163001D8A92B100037600 /* Assets.xcassets */; };
		860163041D8A92B100037600 /* LaunchScreen.storyboard in Resources */ = {isa = PBXBuildFile; fileRef = 860163021D8A92B100037600 /* LaunchScreen.storyboard */; };
		8601630C1D8A942400037600 /* HomeViewController.swift in Sources */ = {isa = PBXBuildFile; fileRef = 8601630B1D8A942400037600 /* HomeViewController.swift */; };
		8601630F1D8A945D00037600 /* SearchAutorsViewModel.swift in Sources */ = {isa = PBXBuildFile; fileRef = 8601630E1D8A945D00037600 /* SearchAutorsViewModel.swift */; };
		860163111D8A946D00037600 /* SearchAuthorsView.swift in Sources */ = {isa = PBXBuildFile; fileRef = 860163101D8A946D00037600 /* SearchAuthorsView.swift */; };
		860163141D8A960200037600 /* Author.swift in Sources */ = {isa = PBXBuildFile; fileRef = 860163131D8A960200037600 /* Author.swift */; };
		860163181D8A96CC00037600 /* AuthorsView.swift in Sources */ = {isa = PBXBuildFile; fileRef = 860163171D8A96CC00037600 /* AuthorsView.swift */; };
		860163201D8A977800037600 /* AuthorViewCell.swift in Sources */ = {isa = PBXBuildFile; fileRef = 8601631E1D8A977800037600 /* AuthorViewCell.swift */; };
		860163211D8A977800037600 /* AuthorViewCell.xib in Resources */ = {isa = PBXBuildFile; fileRef = 8601631F1D8A977800037600 /* AuthorViewCell.xib */; };
/* End PBXBuildFile section */

/* Begin PBXFileReference section */
		19C23AB09EB85867DD446EE3 /* Pods_Example.framework */ = {isa = PBXFileReference; explicitFileType = wrapper.framework; includeInIndex = 0; path = Pods_Example.framework; sourceTree = BUILT_PRODUCTS_DIR; };
		49AB0C411FF01F7F00F5D103 /* NavbarItemDisplayer.swift */ = {isa = PBXFileReference; lastKnownFileType = sourcecode.swift; path = NavbarItemDisplayer.swift; sourceTree = "<group>"; };
		860162F61D8A92B100037600 /* Example.app */ = {isa = PBXFileReference; explicitFileType = wrapper.application; includeInIndex = 0; path = Example.app; sourceTree = BUILT_PRODUCTS_DIR; };
		860162F91D8A92B100037600 /* AppDelegate.swift */ = {isa = PBXFileReference; lastKnownFileType = sourcecode.swift; path = AppDelegate.swift; sourceTree = "<group>"; };
		860162FE1D8A92B100037600 /* Base */ = {isa = PBXFileReference; lastKnownFileType = file.storyboard; name = Base; path = Base.lproj/Main.storyboard; sourceTree = "<group>"; };
		860163001D8A92B100037600 /* Assets.xcassets */ = {isa = PBXFileReference; lastKnownFileType = folder.assetcatalog; path = Assets.xcassets; sourceTree = "<group>"; };
		860163031D8A92B100037600 /* Base */ = {isa = PBXFileReference; lastKnownFileType = file.storyboard; name = Base; path = Base.lproj/LaunchScreen.storyboard; sourceTree = "<group>"; };
		860163051D8A92B100037600 /* Info.plist */ = {isa = PBXFileReference; lastKnownFileType = text.plist.xml; path = Info.plist; sourceTree = "<group>"; };
		8601630B1D8A942400037600 /* HomeViewController.swift */ = {isa = PBXFileReference; fileEncoding = 4; lastKnownFileType = sourcecode.swift; path = HomeViewController.swift; sourceTree = "<group>"; };
		8601630E1D8A945D00037600 /* SearchAutorsViewModel.swift */ = {isa = PBXFileReference; fileEncoding = 4; lastKnownFileType = sourcecode.swift; path = SearchAutorsViewModel.swift; sourceTree = "<group>"; };
		860163101D8A946D00037600 /* SearchAuthorsView.swift */ = {isa = PBXFileReference; fileEncoding = 4; lastKnownFileType = sourcecode.swift; path = SearchAuthorsView.swift; sourceTree = "<group>"; };
		860163131D8A960200037600 /* Author.swift */ = {isa = PBXFileReference; fileEncoding = 4; lastKnownFileType = sourcecode.swift; path = Author.swift; sourceTree = "<group>"; };
		860163171D8A96CC00037600 /* AuthorsView.swift */ = {isa = PBXFileReference; fileEncoding = 4; lastKnownFileType = sourcecode.swift; path = AuthorsView.swift; sourceTree = "<group>"; };
		8601631E1D8A977800037600 /* AuthorViewCell.swift */ = {isa = PBXFileReference; fileEncoding = 4; lastKnownFileType = sourcecode.swift; path = AuthorViewCell.swift; sourceTree = "<group>"; };
		8601631F1D8A977800037600 /* AuthorViewCell.xib */ = {isa = PBXFileReference; fileEncoding = 4; lastKnownFileType = file.xib; path = AuthorViewCell.xib; sourceTree = "<group>"; };
		D80271399631CC1F418A76C0 /* Pods-Example.release.xcconfig */ = {isa = PBXFileReference; includeInIndex = 1; lastKnownFileType = text.xcconfig; name = "Pods-Example.release.xcconfig"; path = "Pods/Target Support Files/Pods-Example/Pods-Example.release.xcconfig"; sourceTree = "<group>"; };
		F705B4B37ECA95E5E57BACB5 /* Pods-Example.debug.xcconfig */ = {isa = PBXFileReference; includeInIndex = 1; lastKnownFileType = text.xcconfig; name = "Pods-Example.debug.xcconfig"; path = "Pods/Target Support Files/Pods-Example/Pods-Example.debug.xcconfig"; sourceTree = "<group>"; };
/* End PBXFileReference section */

/* Begin PBXFrameworksBuildPhase section */
		860162F31D8A92B100037600 /* Frameworks */ = {
			isa = PBXFrameworksBuildPhase;
			buildActionMask = 2147483647;
			files = (
				67A9D1F447714804935A6475 /* Pods_Example.framework in Frameworks */,
			);
			runOnlyForDeploymentPostprocessing = 0;
		};
/* End PBXFrameworksBuildPhase section */

/* Begin PBXGroup section */
		1C78D1BCB1D82ADFD4ECCAC4 /* Pods */ = {
			isa = PBXGroup;
			children = (
				F705B4B37ECA95E5E57BACB5 /* Pods-Example.debug.xcconfig */,
				D80271399631CC1F418A76C0 /* Pods-Example.release.xcconfig */,
			);
			name = Pods;
			sourceTree = "<group>";
		};
		49AB0C3E1FF01DE700F5D103 /* Navbar */ = {
			isa = PBXGroup;
			children = (
				49AB0C411FF01F7F00F5D103 /* NavbarItemDisplayer.swift */,
			);
			path = Navbar;
			sourceTree = "<group>";
		};
		860162ED1D8A92B100037600 = {
			isa = PBXGroup;
			children = (
				860162F81D8A92B100037600 /* Example */,
				860162F71D8A92B100037600 /* Products */,
				1C78D1BCB1D82ADFD4ECCAC4 /* Pods */,
				C73B8E6EAEA60350E46E18A4 /* Frameworks */,
			);
			sourceTree = "<group>";
		};
		860162F71D8A92B100037600 /* Products */ = {
			isa = PBXGroup;
			children = (
				860162F61D8A92B100037600 /* Example.app */,
			);
			name = Products;
			sourceTree = "<group>";
		};
		860162F81D8A92B100037600 /* Example */ = {
			isa = PBXGroup;
			children = (
				49AB0C3E1FF01DE700F5D103 /* Navbar */,
				860162F91D8A92B100037600 /* AppDelegate.swift */,
				8601630B1D8A942400037600 /* HomeViewController.swift */,
				860163121D8A95ED00037600 /* Models */,
				8601630D1D8A944C00037600 /* SearchAuthors */,
				8601631B1D8A974800037600 /* Author */,
				860163161D8A96BC00037600 /* Authors */,
				860162FD1D8A92B100037600 /* Main.storyboard */,
				860163001D8A92B100037600 /* Assets.xcassets */,
				860163021D8A92B100037600 /* LaunchScreen.storyboard */,
				860163051D8A92B100037600 /* Info.plist */,
			);
			path = Example;
			sourceTree = "<group>";
		};
		8601630D1D8A944C00037600 /* SearchAuthors */ = {
			isa = PBXGroup;
			children = (
				8601630E1D8A945D00037600 /* SearchAutorsViewModel.swift */,
				860163101D8A946D00037600 /* SearchAuthorsView.swift */,
			);
			path = SearchAuthors;
			sourceTree = "<group>";
		};
		860163121D8A95ED00037600 /* Models */ = {
			isa = PBXGroup;
			children = (
				860163131D8A960200037600 /* Author.swift */,
			);
			path = Models;
			sourceTree = "<group>";
		};
		860163161D8A96BC00037600 /* Authors */ = {
			isa = PBXGroup;
			children = (
				860163171D8A96CC00037600 /* AuthorsView.swift */,
			);
			path = Authors;
			sourceTree = "<group>";
		};
		8601631B1D8A974800037600 /* Author */ = {
			isa = PBXGroup;
			children = (
				8601631E1D8A977800037600 /* AuthorViewCell.swift */,
				8601631F1D8A977800037600 /* AuthorViewCell.xib */,
			);
			path = Author;
			sourceTree = "<group>";
		};
		C73B8E6EAEA60350E46E18A4 /* Frameworks */ = {
			isa = PBXGroup;
			children = (
				19C23AB09EB85867DD446EE3 /* Pods_Example.framework */,
			);
			name = Frameworks;
			sourceTree = "<group>";
		};
/* End PBXGroup section */

/* Begin PBXNativeTarget section */
		860162F51D8A92B100037600 /* Example */ = {
			isa = PBXNativeTarget;
			buildConfigurationList = 860163081D8A92B100037600 /* Build configuration list for PBXNativeTarget "Example" */;
			buildPhases = (
				B1CD88C2BCD6718AE5D0A47B /* [CP] Check Pods Manifest.lock */,
				860162F21D8A92B100037600 /* Sources */,
				860162F31D8A92B100037600 /* Frameworks */,
				860162F41D8A92B100037600 /* Resources */,
				B009B1660EE28F5BF9CE6BB2 /* [CP] Embed Pods Frameworks */,
				F0DD07CC92B7FCF0ABD77AB1 /* [CP] Copy Pods Resources */,
			);
			buildRules = (
			);
			dependencies = (
			);
			name = Example;
			productName = Example;
			productReference = 860162F61D8A92B100037600 /* Example.app */;
			productType = "com.apple.product-type.application";
		};
/* End PBXNativeTarget section */

/* Begin PBXProject section */
		860162EE1D8A92B100037600 /* Project object */ = {
			isa = PBXProject;
			attributes = {
				LastSwiftUpdateCheck = 0730;
				LastUpgradeCheck = 0810;
				ORGANIZATIONNAME = Akane;
				TargetAttributes = {
					860162F51D8A92B100037600 = {
						CreatedOnToolsVersion = 7.3.1;
						LastSwiftMigration = 0810;
					};
				};
			};
			buildConfigurationList = 860162F11D8A92B100037600 /* Build configuration list for PBXProject "Example" */;
			compatibilityVersion = "Xcode 3.2";
			developmentRegion = English;
			hasScannedForEncodings = 0;
			knownRegions = (
				en,
				Base,
			);
			mainGroup = 860162ED1D8A92B100037600;
			productRefGroup = 860162F71D8A92B100037600 /* Products */;
			projectDirPath = "";
			projectRoot = "";
			targets = (
				860162F51D8A92B100037600 /* Example */,
			);
		};
/* End PBXProject section */

/* Begin PBXResourcesBuildPhase section */
		860162F41D8A92B100037600 /* Resources */ = {
			isa = PBXResourcesBuildPhase;
			buildActionMask = 2147483647;
			files = (
				860163041D8A92B100037600 /* LaunchScreen.storyboard in Resources */,
				860163211D8A977800037600 /* AuthorViewCell.xib in Resources */,
				860163011D8A92B100037600 /* Assets.xcassets in Resources */,
				860162FF1D8A92B100037600 /* Main.storyboard in Resources */,
			);
			runOnlyForDeploymentPostprocessing = 0;
		};
/* End PBXResourcesBuildPhase section */

/* Begin PBXShellScriptBuildPhase section */
		B009B1660EE28F5BF9CE6BB2 /* [CP] Embed Pods Frameworks */ = {
			isa = PBXShellScriptBuildPhase;
			buildActionMask = 2147483647;
			files = (
			);
			inputPaths = (
				"${SRCROOT}/Pods/Target Support Files/Pods-Example/Pods-Example-frameworks.sh",
				"${BUILT_PRODUCTS_DIR}/Akane/Akane.framework",
				"${BUILT_PRODUCTS_DIR}/Bond/Bond.framework",
				"${BUILT_PRODUCTS_DIR}/Differ/Differ.framework",
				"${BUILT_PRODUCTS_DIR}/HasAssociatedObjects/HasAssociatedObjects.framework",
				"${BUILT_PRODUCTS_DIR}/ReactiveKit/ReactiveKit.framework",
			);
			name = "[CP] Embed Pods Frameworks";
			outputPaths = (
				"${TARGET_BUILD_DIR}/${FRAMEWORKS_FOLDER_PATH}/Akane.framework",
				"${TARGET_BUILD_DIR}/${FRAMEWORKS_FOLDER_PATH}/Bond.framework",
				"${TARGET_BUILD_DIR}/${FRAMEWORKS_FOLDER_PATH}/Differ.framework",
				"${TARGET_BUILD_DIR}/${FRAMEWORKS_FOLDER_PATH}/HasAssociatedObjects.framework",
				"${TARGET_BUILD_DIR}/${FRAMEWORKS_FOLDER_PATH}/ReactiveKit.framework",
			);
			runOnlyForDeploymentPostprocessing = 0;
			shellPath = /bin/sh;
			shellScript = "\"${SRCROOT}/Pods/Target Support Files/Pods-Example/Pods-Example-frameworks.sh\"\n";
			showEnvVarsInLog = 0;
		};
		B1CD88C2BCD6718AE5D0A47B /* [CP] Check Pods Manifest.lock */ = {
			isa = PBXShellScriptBuildPhase;
			buildActionMask = 2147483647;
			files = (
			);
			inputPaths = (
				"${PODS_PODFILE_DIR_PATH}/Podfile.lock",
				"${PODS_ROOT}/Manifest.lock",
			);
			name = "[CP] Check Pods Manifest.lock";
			outputPaths = (
				"$(DERIVED_FILE_DIR)/Pods-Example-checkManifestLockResult.txt",
			);
			runOnlyForDeploymentPostprocessing = 0;
			shellPath = /bin/sh;
			shellScript = "diff \"${PODS_PODFILE_DIR_PATH}/Podfile.lock\" \"${PODS_ROOT}/Manifest.lock\" > /dev/null\nif [ $? != 0 ] ; then\n    # print error to STDERR\n    echo \"error: The sandbox is not in sync with the Podfile.lock. Run 'pod install' or update your CocoaPods installation.\" >&2\n    exit 1\nfi\n# This output is used by Xcode 'outputs' to avoid re-running this script phase.\necho \"SUCCESS\" > \"${SCRIPT_OUTPUT_FILE_0}\"\n";
			showEnvVarsInLog = 0;
		};
		F0DD07CC92B7FCF0ABD77AB1 /* [CP] Copy Pods Resources */ = {
			isa = PBXShellScriptBuildPhase;
			buildActionMask = 2147483647;
			files = (
			);
			inputPaths = (
			);
			name = "[CP] Copy Pods Resources";
			outputPaths = (
			);
			runOnlyForDeploymentPostprocessing = 0;
			shellPath = /bin/sh;
			shellScript = "\"${SRCROOT}/Pods/Target Support Files/Pods-Example/Pods-Example-resources.sh\"\n";
			showEnvVarsInLog = 0;
		};
/* End PBXShellScriptBuildPhase section */

/* Begin PBXSourcesBuildPhase section */
		860162F21D8A92B100037600 /* Sources */ = {
			isa = PBXSourcesBuildPhase;
			buildActionMask = 2147483647;
			files = (
				49AB0C421FF01F7F00F5D103 /* NavbarItemDisplayer.swift in Sources */,
				860162FA1D8A92B100037600 /* AppDelegate.swift in Sources */,
				860163111D8A946D00037600 /* SearchAuthorsView.swift in Sources */,
				8601630F1D8A945D00037600 /* SearchAutorsViewModel.swift in Sources */,
				860163201D8A977800037600 /* AuthorViewCell.swift in Sources */,
				860163181D8A96CC00037600 /* AuthorsView.swift in Sources */,
				8601630C1D8A942400037600 /* HomeViewController.swift in Sources */,
				860163141D8A960200037600 /* Author.swift in Sources */,
			);
			runOnlyForDeploymentPostprocessing = 0;
		};
/* End PBXSourcesBuildPhase section */

/* Begin PBXVariantGroup section */
		860162FD1D8A92B100037600 /* Main.storyboard */ = {
			isa = PBXVariantGroup;
			children = (
				860162FE1D8A92B100037600 /* Base */,
			);
			name = Main.storyboard;
			sourceTree = "<group>";
		};
		860163021D8A92B100037600 /* LaunchScreen.storyboard */ = {
			isa = PBXVariantGroup;
			children = (
				860163031D8A92B100037600 /* Base */,
			);
			name = LaunchScreen.storyboard;
			sourceTree = "<group>";
		};
/* End PBXVariantGroup section */

/* Begin XCBuildConfiguration section */
		860163061D8A92B100037600 /* Debug */ = {
			isa = XCBuildConfiguration;
			buildSettings = {
				ALWAYS_SEARCH_USER_PATHS = NO;
				CLANG_ANALYZER_NONNULL = YES;
				CLANG_CXX_LANGUAGE_STANDARD = "gnu++0x";
				CLANG_CXX_LIBRARY = "libc++";
				CLANG_ENABLE_MODULES = YES;
				CLANG_ENABLE_OBJC_ARC = YES;
				CLANG_WARN_BOOL_CONVERSION = YES;
				CLANG_WARN_CONSTANT_CONVERSION = YES;
				CLANG_WARN_DIRECT_OBJC_ISA_USAGE = YES_ERROR;
				CLANG_WARN_EMPTY_BODY = YES;
				CLANG_WARN_ENUM_CONVERSION = YES;
				CLANG_WARN_INFINITE_RECURSION = YES;
				CLANG_WARN_INT_CONVERSION = YES;
				CLANG_WARN_OBJC_ROOT_CLASS = YES_ERROR;
				CLANG_WARN_SUSPICIOUS_MOVE = YES;
				CLANG_WARN_UNREACHABLE_CODE = YES;
				CLANG_WARN__DUPLICATE_METHOD_MATCH = YES;
				"CODE_SIGN_IDENTITY[sdk=iphoneos*]" = "iPhone Developer";
				COPY_PHASE_STRIP = NO;
				DEBUG_INFORMATION_FORMAT = dwarf;
				ENABLE_STRICT_OBJC_MSGSEND = YES;
				ENABLE_TESTABILITY = YES;
				GCC_C_LANGUAGE_STANDARD = gnu99;
				GCC_DYNAMIC_NO_PIC = NO;
				GCC_NO_COMMON_BLOCKS = YES;
				GCC_OPTIMIZATION_LEVEL = 0;
				GCC_PREPROCESSOR_DEFINITIONS = (
					"DEBUG=1",
					"$(inherited)",
				);
				GCC_WARN_64_TO_32_BIT_CONVERSION = YES;
				GCC_WARN_ABOUT_RETURN_TYPE = YES_ERROR;
				GCC_WARN_UNDECLARED_SELECTOR = YES;
				GCC_WARN_UNINITIALIZED_AUTOS = YES_AGGRESSIVE;
				GCC_WARN_UNUSED_FUNCTION = YES;
				GCC_WARN_UNUSED_VARIABLE = YES;
				IPHONEOS_DEPLOYMENT_TARGET = 9.3;
				MTL_ENABLE_DEBUG_INFO = YES;
				ONLY_ACTIVE_ARCH = YES;
				SDKROOT = iphoneos;
				SWIFT_OPTIMIZATION_LEVEL = "-Onone";
			};
			name = Debug;
		};
		860163071D8A92B100037600 /* Release */ = {
			isa = XCBuildConfiguration;
			buildSettings = {
				ALWAYS_SEARCH_USER_PATHS = NO;
				CLANG_ANALYZER_NONNULL = YES;
				CLANG_CXX_LANGUAGE_STANDARD = "gnu++0x";
				CLANG_CXX_LIBRARY = "libc++";
				CLANG_ENABLE_MODULES = YES;
				CLANG_ENABLE_OBJC_ARC = YES;
				CLANG_WARN_BOOL_CONVERSION = YES;
				CLANG_WARN_CONSTANT_CONVERSION = YES;
				CLANG_WARN_DIRECT_OBJC_ISA_USAGE = YES_ERROR;
				CLANG_WARN_EMPTY_BODY = YES;
				CLANG_WARN_ENUM_CONVERSION = YES;
				CLANG_WARN_INFINITE_RECURSION = YES;
				CLANG_WARN_INT_CONVERSION = YES;
				CLANG_WARN_OBJC_ROOT_CLASS = YES_ERROR;
				CLANG_WARN_SUSPICIOUS_MOVE = YES;
				CLANG_WARN_UNREACHABLE_CODE = YES;
				CLANG_WARN__DUPLICATE_METHOD_MATCH = YES;
				"CODE_SIGN_IDENTITY[sdk=iphoneos*]" = "iPhone Developer";
				COPY_PHASE_STRIP = NO;
				DEBUG_INFORMATION_FORMAT = "dwarf-with-dsym";
				ENABLE_NS_ASSERTIONS = NO;
				ENABLE_STRICT_OBJC_MSGSEND = YES;
				GCC_C_LANGUAGE_STANDARD = gnu99;
				GCC_NO_COMMON_BLOCKS = YES;
				GCC_WARN_64_TO_32_BIT_CONVERSION = YES;
				GCC_WARN_ABOUT_RETURN_TYPE = YES_ERROR;
				GCC_WARN_UNDECLARED_SELECTOR = YES;
				GCC_WARN_UNINITIALIZED_AUTOS = YES_AGGRESSIVE;
				GCC_WARN_UNUSED_FUNCTION = YES;
				GCC_WARN_UNUSED_VARIABLE = YES;
				IPHONEOS_DEPLOYMENT_TARGET = 9.3;
				MTL_ENABLE_DEBUG_INFO = NO;
				SDKROOT = iphoneos;
				SWIFT_OPTIMIZATION_LEVEL = "-Owholemodule";
				VALIDATE_PRODUCT = YES;
			};
			name = Release;
		};
		860163091D8A92B100037600 /* Debug */ = {
			isa = XCBuildConfiguration;
			baseConfigurationReference = F705B4B37ECA95E5E57BACB5 /* Pods-Example.debug.xcconfig */;
			buildSettings = {
				ASSETCATALOG_COMPILER_APPICON_NAME = AppIcon;
				INFOPLIST_FILE = Example/Info.plist;
				LD_RUNPATH_SEARCH_PATHS = "$(inherited) @executable_path/Frameworks";
				PRODUCT_BUNDLE_IDENTIFIER = Akane.Akane.Example;
				PRODUCT_NAME = "$(TARGET_NAME)";
				SWIFT_VERSION = 3.0;
			};
			name = Debug;
		};
		8601630A1D8A92B100037600 /* Release */ = {
			isa = XCBuildConfiguration;
			baseConfigurationReference = D80271399631CC1F418A76C0 /* Pods-Example.release.xcconfig */;
			buildSettings = {
				ASSETCATALOG_COMPILER_APPICON_NAME = AppIcon;
				INFOPLIST_FILE = Example/Info.plist;
				LD_RUNPATH_SEARCH_PATHS = "$(inherited) @executable_path/Frameworks";
				PRODUCT_BUNDLE_IDENTIFIER = Akane.Akane.Example;
				PRODUCT_NAME = "$(TARGET_NAME)";
				SWIFT_VERSION = 3.0;
			};
			name = Release;
		};
/* End XCBuildConfiguration section */

/* Begin XCConfigurationList section */
		860162F11D8A92B100037600 /* Build configuration list for PBXProject "Example" */ = {
			isa = XCConfigurationList;
			buildConfigurations = (
				860163061D8A92B100037600 /* Debug */,
				860163071D8A92B100037600 /* Release */,
			);
			defaultConfigurationIsVisible = 0;
			defaultConfigurationName = Release;
		};
		860163081D8A92B100037600 /* Build configuration list for PBXNativeTarget "Example" */ = {
			isa = XCConfigurationList;
			buildConfigurations = (
				860163091D8A92B100037600 /* Debug */,
				8601630A1D8A92B100037600 /* Release */,
			);
			defaultConfigurationIsVisible = 0;
			defaultConfigurationName = Release;
		};
/* End XCConfigurationList section */
	};
	rootObject = 860162EE1D8A92B100037600 /* Project object */;
}
