// !$*UTF8*$!
{
	archiveVersion = 1;
	classes = {
	};
	objectVersion = 46;
	objects = {

/* Begin PBXBuildFile section */
		2E256797476406BFC67DDFA6 /* Pods_AkaneAll_AkaneAllTests.framework in Frameworks */ = {isa = PBXBuildFile; fileRef = B7604ACB8A013D5A16A98316 /* Pods_AkaneAll_AkaneAllTests.framework */; };
		4249DE491DE4BB35002B01C1 /* BondSpec.swift in Sources */ = {isa = PBXBuildFile; fileRef = 4249DE3D1DE4BB35002B01C1 /* BondSpec.swift */; };
		4249DE4A1DE4BB35002B01C1 /* AnyObservationSpec.swift in Sources */ = {isa = PBXBuildFile; fileRef = 4249DE3F1DE4BB35002B01C1 /* AnyObservationSpec.swift */; };
		4249DE4B1DE4BB35002B01C1 /* ObservationCollectionSpec.swift in Sources */ = {isa = PBXBuildFile; fileRef = 4249DE401DE4BB35002B01C1 /* ObservationCollectionSpec.swift */; };
		4249DE4C1DE4BB35002B01C1 /* ObservationWrapperSpec.swift in Sources */ = {isa = PBXBuildFile; fileRef = 4249DE411DE4BB35002B01C1 /* ObservationWrapperSpec.swift */; };
		4249DE4D1DE4BB35002B01C1 /* AsyncCommandSpec.swift in Sources */ = {isa = PBXBuildFile; fileRef = 4249DE431DE4BB35002B01C1 /* AsyncCommandSpec.swift */; };
		4249DE4F1DE4BB35002B01C1 /* ComponentViewControllerBindingsSpec.swift in Sources */ = {isa = PBXBuildFile; fileRef = 4249DE471DE4BB35002B01C1 /* ComponentViewControllerBindingsSpec.swift */; };
		42E3326A1DE4B8F2006BE3D7 /* AkaneAll.framework in Frameworks */ = {isa = PBXBuildFile; fileRef = 42E332601DE4B8F2006BE3D7 /* AkaneAll.framework */; };
		42E332711DE4B8F2006BE3D7 /* AkaneAll.h in Headers */ = {isa = PBXBuildFile; fileRef = 42E332631DE4B8F2006BE3D7 /* AkaneAll.h */; settings = {ATTRIBUTES = (Public, ); }; };
		D91CB0863E880B9158BD8802 /* Pods_AkaneAll.framework in Frameworks */ = {isa = PBXBuildFile; fileRef = 8ADD15B6DBFDEC2BAB93366C /* Pods_AkaneAll.framework */; };
/* End PBXBuildFile section */

/* Begin PBXContainerItemProxy section */
		42E3326B1DE4B8F2006BE3D7 /* PBXContainerItemProxy */ = {
			isa = PBXContainerItemProxy;
			containerPortal = 42E332571DE4B8F2006BE3D7 /* Project object */;
			proxyType = 1;
			remoteGlobalIDString = 42E3325F1DE4B8F2006BE3D7;
			remoteInfo = AkaneAll;
		};
/* End PBXContainerItemProxy section */

/* Begin PBXFileReference section */
		22D9312257E80F8E34520CBB /* Pods-AkaneAll.debug.xcconfig */ = {isa = PBXFileReference; includeInIndex = 1; lastKnownFileType = text.xcconfig; name = "Pods-AkaneAll.debug.xcconfig"; path = "Pods/Target Support Files/Pods-AkaneAll/Pods-AkaneAll.debug.xcconfig"; sourceTree = "<group>"; };
		3BB373B0AD2C0392E060922B /* Pods-AkaneAll.release.xcconfig */ = {isa = PBXFileReference; includeInIndex = 1; lastKnownFileType = text.xcconfig; name = "Pods-AkaneAll.release.xcconfig"; path = "Pods/Target Support Files/Pods-AkaneAll/Pods-AkaneAll.release.xcconfig"; sourceTree = "<group>"; };
		4249DE3D1DE4BB35002B01C1 /* BondSpec.swift */ = {isa = PBXFileReference; fileEncoding = 4; lastKnownFileType = sourcecode.swift; path = BondSpec.swift; sourceTree = "<group>"; };
		4249DE3F1DE4BB35002B01C1 /* AnyObservationSpec.swift */ = {isa = PBXFileReference; fileEncoding = 4; lastKnownFileType = sourcecode.swift; path = AnyObservationSpec.swift; sourceTree = "<group>"; };
		4249DE401DE4BB35002B01C1 /* ObservationCollectionSpec.swift */ = {isa = PBXFileReference; fileEncoding = 4; lastKnownFileType = sourcecode.swift; path = ObservationCollectionSpec.swift; sourceTree = "<group>"; };
		4249DE411DE4BB35002B01C1 /* ObservationWrapperSpec.swift */ = {isa = PBXFileReference; fileEncoding = 4; lastKnownFileType = sourcecode.swift; path = ObservationWrapperSpec.swift; sourceTree = "<group>"; };
		4249DE431DE4BB35002B01C1 /* AsyncCommandSpec.swift */ = {isa = PBXFileReference; fileEncoding = 4; lastKnownFileType = sourcecode.swift; path = AsyncCommandSpec.swift; sourceTree = "<group>"; };
		4249DE471DE4BB35002B01C1 /* ComponentViewControllerBindingsSpec.swift */ = {isa = PBXFileReference; fileEncoding = 4; lastKnownFileType = sourcecode.swift; path = ComponentViewControllerBindingsSpec.swift; sourceTree = "<group>"; };
		42E332601DE4B8F2006BE3D7 /* AkaneAll.framework */ = {isa = PBXFileReference; explicitFileType = wrapper.framework; includeInIndex = 0; path = AkaneAll.framework; sourceTree = BUILT_PRODUCTS_DIR; };
		42E332631DE4B8F2006BE3D7 /* AkaneAll.h */ = {isa = PBXFileReference; lastKnownFileType = sourcecode.c.h; path = AkaneAll.h; sourceTree = "<group>"; };
		42E332641DE4B8F2006BE3D7 /* Info.plist */ = {isa = PBXFileReference; lastKnownFileType = text.plist.xml; path = Info.plist; sourceTree = "<group>"; };
		42E332691DE4B8F2006BE3D7 /* AkaneAllTests.xctest */ = {isa = PBXFileReference; explicitFileType = wrapper.cfbundle; includeInIndex = 0; path = AkaneAllTests.xctest; sourceTree = BUILT_PRODUCTS_DIR; };
		42E332701DE4B8F2006BE3D7 /* Info.plist */ = {isa = PBXFileReference; lastKnownFileType = text.plist.xml; path = Info.plist; sourceTree = "<group>"; };
		8ADD15B6DBFDEC2BAB93366C /* Pods_AkaneAll.framework */ = {isa = PBXFileReference; explicitFileType = wrapper.framework; includeInIndex = 0; path = Pods_AkaneAll.framework; sourceTree = BUILT_PRODUCTS_DIR; };
		93DC8DED6BF7ABB0EE7DC95E /* Pods-AkaneAll-AkaneAllTests.release.xcconfig */ = {isa = PBXFileReference; includeInIndex = 1; lastKnownFileType = text.xcconfig; name = "Pods-AkaneAll-AkaneAllTests.release.xcconfig"; path = "Pods/Target Support Files/Pods-AkaneAll-AkaneAllTests/Pods-AkaneAll-AkaneAllTests.release.xcconfig"; sourceTree = "<group>"; };
		9EF4C01A858369797F5ABE91 /* Pods-AkaneAll-AkaneAllTests.debug.xcconfig */ = {isa = PBXFileReference; includeInIndex = 1; lastKnownFileType = text.xcconfig; name = "Pods-AkaneAll-AkaneAllTests.debug.xcconfig"; path = "Pods/Target Support Files/Pods-AkaneAll-AkaneAllTests/Pods-AkaneAll-AkaneAllTests.debug.xcconfig"; sourceTree = "<group>"; };
		B7604ACB8A013D5A16A98316 /* Pods_AkaneAll_AkaneAllTests.framework */ = {isa = PBXFileReference; explicitFileType = wrapper.framework; includeInIndex = 0; path = Pods_AkaneAll_AkaneAllTests.framework; sourceTree = BUILT_PRODUCTS_DIR; };
/* End PBXFileReference section */

/* Begin PBXFrameworksBuildPhase section */
		42E3325C1DE4B8F2006BE3D7 /* Frameworks */ = {
			isa = PBXFrameworksBuildPhase;
			buildActionMask = 2147483647;
			files = (
				D91CB0863E880B9158BD8802 /* Pods_AkaneAll.framework in Frameworks */,
			);
			runOnlyForDeploymentPostprocessing = 0;
		};
		42E332661DE4B8F2006BE3D7 /* Frameworks */ = {
			isa = PBXFrameworksBuildPhase;
			buildActionMask = 2147483647;
			files = (
				42E3326A1DE4B8F2006BE3D7 /* AkaneAll.framework in Frameworks */,
				2E256797476406BFC67DDFA6 /* Pods_AkaneAll_AkaneAllTests.framework in Frameworks */,
			);
			runOnlyForDeploymentPostprocessing = 0;
		};
/* End PBXFrameworksBuildPhase section */

/* Begin PBXGroup section */
		4249DE3B1DE4BB35002B01C1 /* Binding */ = {
			isa = PBXGroup;
			children = (
				4249DE3C1DE4BB35002B01C1 /* Adapter */,
				4249DE3E1DE4BB35002B01C1 /* Observation */,
				4249DE411DE4BB35002B01C1 /* ObservationWrapperSpec.swift */,
			);
			path = Binding;
			sourceTree = "<group>";
		};
		4249DE3C1DE4BB35002B01C1 /* Adapter */ = {
			isa = PBXGroup;
			children = (
				4249DE3D1DE4BB35002B01C1 /* BondSpec.swift */,
			);
			path = Adapter;
			sourceTree = "<group>";
		};
		4249DE3E1DE4BB35002B01C1 /* Observation */ = {
			isa = PBXGroup;
			children = (
				4249DE3F1DE4BB35002B01C1 /* AnyObservationSpec.swift */,
				4249DE401DE4BB35002B01C1 /* ObservationCollectionSpec.swift */,
			);
			path = Observation;
			sourceTree = "<group>";
		};
		4249DE421DE4BB35002B01C1 /* Command */ = {
			isa = PBXGroup;
			children = (
				4249DE431DE4BB35002B01C1 /* AsyncCommandSpec.swift */,
			);
			path = Command;
			sourceTree = "<group>";
		};
		4249DE441DE4BB35002B01C1 /* Component */ = {
			isa = PBXGroup;
			children = (
				4249DE451DE4BB35002B01C1 /* Controller */,
			);
			path = Component;
			sourceTree = "<group>";
		};
		4249DE451DE4BB35002B01C1 /* Controller */ = {
			isa = PBXGroup;
			children = (
				4249DE471DE4BB35002B01C1 /* ComponentViewControllerBindingsSpec.swift */,
			);
			path = Controller;
			sourceTree = "<group>";
		};
		42E332561DE4B8F2006BE3D7 = {
			isa = PBXGroup;
			children = (
				42E332621DE4B8F2006BE3D7 /* AkaneAll */,
				42E3326D1DE4B8F2006BE3D7 /* AkaneAllTests */,
				42E332611DE4B8F2006BE3D7 /* Products */,
				7895A873B1C288639B4EF902 /* Pods */,
				D95E0E498ED58AB574954B5E /* Frameworks */,
			);
			sourceTree = "<group>";
		};
		42E332611DE4B8F2006BE3D7 /* Products */ = {
			isa = PBXGroup;
			children = (
				42E332601DE4B8F2006BE3D7 /* AkaneAll.framework */,
				42E332691DE4B8F2006BE3D7 /* AkaneAllTests.xctest */,
			);
			name = Products;
			sourceTree = "<group>";
		};
		42E332621DE4B8F2006BE3D7 /* AkaneAll */ = {
			isa = PBXGroup;
			children = (
				42E332631DE4B8F2006BE3D7 /* AkaneAll.h */,
				42E332641DE4B8F2006BE3D7 /* Info.plist */,
			);
			path = AkaneAll;
			sourceTree = "<group>";
		};
		42E3326D1DE4B8F2006BE3D7 /* AkaneAllTests */ = {
			isa = PBXGroup;
			children = (
				4249DE3B1DE4BB35002B01C1 /* Binding */,
				4249DE421DE4BB35002B01C1 /* Command */,
				4249DE441DE4BB35002B01C1 /* Component */,
				42E332701DE4B8F2006BE3D7 /* Info.plist */,
			);
			path = AkaneAllTests;
			sourceTree = "<group>";
		};
		7895A873B1C288639B4EF902 /* Pods */ = {
			isa = PBXGroup;
			children = (
				22D9312257E80F8E34520CBB /* Pods-AkaneAll.debug.xcconfig */,
				3BB373B0AD2C0392E060922B /* Pods-AkaneAll.release.xcconfig */,
				9EF4C01A858369797F5ABE91 /* Pods-AkaneAll-AkaneAllTests.debug.xcconfig */,
				93DC8DED6BF7ABB0EE7DC95E /* Pods-AkaneAll-AkaneAllTests.release.xcconfig */,
			);
			name = Pods;
			sourceTree = "<group>";
		};
		D95E0E498ED58AB574954B5E /* Frameworks */ = {
			isa = PBXGroup;
			children = (
				8ADD15B6DBFDEC2BAB93366C /* Pods_AkaneAll.framework */,
				B7604ACB8A013D5A16A98316 /* Pods_AkaneAll_AkaneAllTests.framework */,
			);
			name = Frameworks;
			sourceTree = "<group>";
		};
/* End PBXGroup section */

/* Begin PBXHeadersBuildPhase section */
		42E3325D1DE4B8F2006BE3D7 /* Headers */ = {
			isa = PBXHeadersBuildPhase;
			buildActionMask = 2147483647;
			files = (
				42E332711DE4B8F2006BE3D7 /* AkaneAll.h in Headers */,
			);
			runOnlyForDeploymentPostprocessing = 0;
		};
/* End PBXHeadersBuildPhase section */

/* Begin PBXNativeTarget section */
		42E3325F1DE4B8F2006BE3D7 /* AkaneAll */ = {
			isa = PBXNativeTarget;
			buildConfigurationList = 42E332741DE4B8F2006BE3D7 /* Build configuration list for PBXNativeTarget "AkaneAll" */;
			buildPhases = (
				B0F19B259056E7F289900641 /* [CP] Check Pods Manifest.lock */,
				42E3325B1DE4B8F2006BE3D7 /* Sources */,
				42E3325C1DE4B8F2006BE3D7 /* Frameworks */,
				42E3325D1DE4B8F2006BE3D7 /* Headers */,
				42E3325E1DE4B8F2006BE3D7 /* Resources */,
				65D684ACCC27CFD330DB9710 /* [CP] Copy Pods Resources */,
			);
			buildRules = (
			);
			dependencies = (
			);
			name = AkaneAll;
			productName = AkaneAll;
			productReference = 42E332601DE4B8F2006BE3D7 /* AkaneAll.framework */;
			productType = "com.apple.product-type.framework";
		};
		42E332681DE4B8F2006BE3D7 /* AkaneAllTests */ = {
			isa = PBXNativeTarget;
			buildConfigurationList = 42E332771DE4B8F2006BE3D7 /* Build configuration list for PBXNativeTarget "AkaneAllTests" */;
			buildPhases = (
				2321FFAFE650E28A1E1B0AE3 /* [CP] Check Pods Manifest.lock */,
				42E332651DE4B8F2006BE3D7 /* Sources */,
				42E332661DE4B8F2006BE3D7 /* Frameworks */,
				42E332671DE4B8F2006BE3D7 /* Resources */,
				4395F9F891B8960183359E1C /* [CP] Embed Pods Frameworks */,
				AD0752A8A7522FE6A8C1371A /* [CP] Copy Pods Resources */,
			);
			buildRules = (
			);
			dependencies = (
				42E3326C1DE4B8F2006BE3D7 /* PBXTargetDependency */,
			);
			name = AkaneAllTests;
			productName = AkaneAllTests;
			productReference = 42E332691DE4B8F2006BE3D7 /* AkaneAllTests.xctest */;
			productType = "com.apple.product-type.bundle.unit-test";
		};
/* End PBXNativeTarget section */

/* Begin PBXProject section */
		42E332571DE4B8F2006BE3D7 /* Project object */ = {
			isa = PBXProject;
			attributes = {
				LastSwiftUpdateCheck = 0810;
				LastUpgradeCheck = 0810;
				ORGANIZATIONNAME = Akane;
				TargetAttributes = {
					42E3325F1DE4B8F2006BE3D7 = {
						CreatedOnToolsVersion = 8.1;
						DevelopmentTeam = U238JHJ7N4;
						ProvisioningStyle = Automatic;
					};
					42E332681DE4B8F2006BE3D7 = {
						CreatedOnToolsVersion = 8.1;
						DevelopmentTeam = U238JHJ7N4;
						ProvisioningStyle = Automatic;
					};
				};
			};
			buildConfigurationList = 42E3325A1DE4B8F2006BE3D7 /* Build configuration list for PBXProject "AkaneAll" */;
			compatibilityVersion = "Xcode 3.2";
			developmentRegion = English;
			hasScannedForEncodings = 0;
			knownRegions = (
				en,
			);
			mainGroup = 42E332561DE4B8F2006BE3D7;
			productRefGroup = 42E332611DE4B8F2006BE3D7 /* Products */;
			projectDirPath = "";
			projectRoot = "";
			targets = (
				42E3325F1DE4B8F2006BE3D7 /* AkaneAll */,
				42E332681DE4B8F2006BE3D7 /* AkaneAllTests */,
			);
		};
/* End PBXProject section */

/* Begin PBXResourcesBuildPhase section */
		42E3325E1DE4B8F2006BE3D7 /* Resources */ = {
			isa = PBXResourcesBuildPhase;
			buildActionMask = 2147483647;
			files = (
			);
			runOnlyForDeploymentPostprocessing = 0;
		};
		42E332671DE4B8F2006BE3D7 /* Resources */ = {
			isa = PBXResourcesBuildPhase;
			buildActionMask = 2147483647;
			files = (
			);
			runOnlyForDeploymentPostprocessing = 0;
		};
/* End PBXResourcesBuildPhase section */

/* Begin PBXShellScriptBuildPhase section */
		2321FFAFE650E28A1E1B0AE3 /* [CP] Check Pods Manifest.lock */ = {
			isa = PBXShellScriptBuildPhase;
			buildActionMask = 2147483647;
			files = (
			);
			inputPaths = (
			);
			name = "[CP] Check Pods Manifest.lock";
			outputPaths = (
			);
			runOnlyForDeploymentPostprocessing = 0;
			shellPath = /bin/sh;
			shellScript = "diff \"${PODS_ROOT}/../Podfile.lock\" \"${PODS_ROOT}/Manifest.lock\" > /dev/null\nif [ $? != 0 ] ; then\n    # print error to STDERR\n    echo \"error: The sandbox is not in sync with the Podfile.lock. Run 'pod install' or update your CocoaPods installation.\" >&2\n    exit 1\nfi\n";
			showEnvVarsInLog = 0;
		};
		4395F9F891B8960183359E1C /* [CP] Embed Pods Frameworks */ = {
			isa = PBXShellScriptBuildPhase;
			buildActionMask = 2147483647;
			files = (
			);
			inputPaths = (
			);
			name = "[CP] Embed Pods Frameworks";
			outputPaths = (
			);
			runOnlyForDeploymentPostprocessing = 0;
			shellPath = /bin/sh;
			shellScript = "\"${SRCROOT}/Pods/Target Support Files/Pods-AkaneAll-AkaneAllTests/Pods-AkaneAll-AkaneAllTests-frameworks.sh\"\n";
			showEnvVarsInLog = 0;
		};
		65D684ACCC27CFD330DB9710 /* [CP] Copy Pods Resources */ = {
			isa = PBXShellScriptBuildPhase;
			buildActionMask = 2147483647;
			files = (
			);
			inputPaths = (
			);
			name = "[CP] Copy Pods Resources";
			outputPaths = (
			);
			runOnlyForDeploymentPostprocessing = 0;
			shellPath = /bin/sh;
			shellScript = "\"${SRCROOT}/Pods/Target Support Files/Pods-AkaneAll/Pods-AkaneAll-resources.sh\"\n";
			showEnvVarsInLog = 0;
		};
		AD0752A8A7522FE6A8C1371A /* [CP] Copy Pods Resources */ = {
			isa = PBXShellScriptBuildPhase;
			buildActionMask = 2147483647;
			files = (
			);
			inputPaths = (
			);
			name = "[CP] Copy Pods Resources";
			outputPaths = (
			);
			runOnlyForDeploymentPostprocessing = 0;
			shellPath = /bin/sh;
			shellScript = "\"${SRCROOT}/Pods/Target Support Files/Pods-AkaneAll-AkaneAllTests/Pods-AkaneAll-AkaneAllTests-resources.sh\"\n";
			showEnvVarsInLog = 0;
		};
		B0F19B259056E7F289900641 /* [CP] Check Pods Manifest.lock */ = {
			isa = PBXShellScriptBuildPhase;
			buildActionMask = 2147483647;
			files = (
			);
			inputPaths = (
			);
			name = "[CP] Check Pods Manifest.lock";
			outputPaths = (
			);
			runOnlyForDeploymentPostprocessing = 0;
			shellPath = /bin/sh;
			shellScript = "diff \"${PODS_ROOT}/../Podfile.lock\" \"${PODS_ROOT}/Manifest.lock\" > /dev/null\nif [ $? != 0 ] ; then\n    # print error to STDERR\n    echo \"error: The sandbox is not in sync with the Podfile.lock. Run 'pod install' or update your CocoaPods installation.\" >&2\n    exit 1\nfi\n";
			showEnvVarsInLog = 0;
		};
/* End PBXShellScriptBuildPhase section */

/* Begin PBXSourcesBuildPhase section */
		42E3325B1DE4B8F2006BE3D7 /* Sources */ = {
			isa = PBXSourcesBuildPhase;
			buildActionMask = 2147483647;
			files = (
			);
			runOnlyForDeploymentPostprocessing = 0;
		};
		42E332651DE4B8F2006BE3D7 /* Sources */ = {
			isa = PBXSourcesBuildPhase;
			buildActionMask = 2147483647;
			files = (
				4249DE4D1DE4BB35002B01C1 /* AsyncCommandSpec.swift in Sources */,
				4249DE4C1DE4BB35002B01C1 /* ObservationWrapperSpec.swift in Sources */,
				4249DE4B1DE4BB35002B01C1 /* ObservationCollectionSpec.swift in Sources */,
				4249DE4A1DE4BB35002B01C1 /* AnyObservationSpec.swift in Sources */,
				4249DE491DE4BB35002B01C1 /* BondSpec.swift in Sources */,
				4249DE4F1DE4BB35002B01C1 /* ComponentViewControllerBindingsSpec.swift in Sources */,
			);
			runOnlyForDeploymentPostprocessing = 0;
		};
/* End PBXSourcesBuildPhase section */

/* Begin PBXTargetDependency section */
		42E3326C1DE4B8F2006BE3D7 /* PBXTargetDependency */ = {
			isa = PBXTargetDependency;
			target = 42E3325F1DE4B8F2006BE3D7 /* AkaneAll */;
			targetProxy = 42E3326B1DE4B8F2006BE3D7 /* PBXContainerItemProxy */;
		};
/* End PBXTargetDependency section */

/* Begin XCBuildConfiguration section */
		42E332721DE4B8F2006BE3D7 /* Debug */ = {
			isa = XCBuildConfiguration;
			buildSettings = {
				ALWAYS_SEARCH_USER_PATHS = NO;
				CLANG_ANALYZER_NONNULL = YES;
				CLANG_CXX_LANGUAGE_STANDARD = "gnu++0x";
				CLANG_CXX_LIBRARY = "libc++";
				CLANG_ENABLE_MODULES = YES;
				CLANG_ENABLE_OBJC_ARC = YES;
				CLANG_WARN_BOOL_CONVERSION = YES;
				CLANG_WARN_CONSTANT_CONVERSION = YES;
				CLANG_WARN_DIRECT_OBJC_ISA_USAGE = YES_ERROR;
				CLANG_WARN_DOCUMENTATION_COMMENTS = YES;
				CLANG_WARN_EMPTY_BODY = YES;
				CLANG_WARN_ENUM_CONVERSION = YES;
				CLANG_WARN_INFINITE_RECURSION = YES;
				CLANG_WARN_INT_CONVERSION = YES;
				CLANG_WARN_OBJC_ROOT_CLASS = YES_ERROR;
				CLANG_WARN_SUSPICIOUS_MOVES = YES;
				CLANG_WARN_UNREACHABLE_CODE = YES;
				CLANG_WARN__DUPLICATE_METHOD_MATCH = YES;
				"CODE_SIGN_IDENTITY[sdk=iphoneos*]" = "iPhone Developer";
				COPY_PHASE_STRIP = NO;
				CURRENT_PROJECT_VERSION = 1;
				DEBUG_INFORMATION_FORMAT = dwarf;
				ENABLE_STRICT_OBJC_MSGSEND = YES;
				ENABLE_TESTABILITY = YES;
				GCC_C_LANGUAGE_STANDARD = gnu99;
				GCC_DYNAMIC_NO_PIC = NO;
				GCC_NO_COMMON_BLOCKS = YES;
				GCC_OPTIMIZATION_LEVEL = 0;
				GCC_PREPROCESSOR_DEFINITIONS = (
					"DEBUG=1",
					"$(inherited)",
				);
				GCC_WARN_64_TO_32_BIT_CONVERSION = YES;
				GCC_WARN_ABOUT_RETURN_TYPE = YES_ERROR;
				GCC_WARN_UNDECLARED_SELECTOR = YES;
				GCC_WARN_UNINITIALIZED_AUTOS = YES_AGGRESSIVE;
				GCC_WARN_UNUSED_FUNCTION = YES;
				GCC_WARN_UNUSED_VARIABLE = YES;
				IPHONEOS_DEPLOYMENT_TARGET = 10.1;
				MTL_ENABLE_DEBUG_INFO = YES;
				ONLY_ACTIVE_ARCH = YES;
				SDKROOT = iphoneos;
				SWIFT_ACTIVE_COMPILATION_CONDITIONS = DEBUG;
				SWIFT_OPTIMIZATION_LEVEL = "-Onone";
				TARGETED_DEVICE_FAMILY = "1,2";
				VERSIONING_SYSTEM = "apple-generic";
				VERSION_INFO_PREFIX = "";
			};
			name = Debug;
		};
		42E332731DE4B8F2006BE3D7 /* Release */ = {
			isa = XCBuildConfiguration;
			buildSettings = {
				ALWAYS_SEARCH_USER_PATHS = NO;
				CLANG_ANALYZER_NONNULL = YES;
				CLANG_CXX_LANGUAGE_STANDARD = "gnu++0x";
				CLANG_CXX_LIBRARY = "libc++";
				CLANG_ENABLE_MODULES = YES;
				CLANG_ENABLE_OBJC_ARC = YES;
				CLANG_WARN_BOOL_CONVERSION = YES;
				CLANG_WARN_CONSTANT_CONVERSION = YES;
				CLANG_WARN_DIRECT_OBJC_ISA_USAGE = YES_ERROR;
				CLANG_WARN_DOCUMENTATION_COMMENTS = YES;
				CLANG_WARN_EMPTY_BODY = YES;
				CLANG_WARN_ENUM_CONVERSION = YES;
				CLANG_WARN_INFINITE_RECURSION = YES;
				CLANG_WARN_INT_CONVERSION = YES;
				CLANG_WARN_OBJC_ROOT_CLASS = YES_ERROR;
				CLANG_WARN_SUSPICIOUS_MOVES = YES;
				CLANG_WARN_UNREACHABLE_CODE = YES;
				CLANG_WARN__DUPLICATE_METHOD_MATCH = YES;
				"CODE_SIGN_IDENTITY[sdk=iphoneos*]" = "iPhone Developer";
				COPY_PHASE_STRIP = NO;
				CURRENT_PROJECT_VERSION = 1;
				DEBUG_INFORMATION_FORMAT = "dwarf-with-dsym";
				ENABLE_NS_ASSERTIONS = NO;
				ENABLE_STRICT_OBJC_MSGSEND = YES;
				GCC_C_LANGUAGE_STANDARD = gnu99;
				GCC_NO_COMMON_BLOCKS = YES;
				GCC_WARN_64_TO_32_BIT_CONVERSION = YES;
				GCC_WARN_ABOUT_RETURN_TYPE = YES_ERROR;
				GCC_WARN_UNDECLARED_SELECTOR = YES;
				GCC_WARN_UNINITIALIZED_AUTOS = YES_AGGRESSIVE;
				GCC_WARN_UNUSED_FUNCTION = YES;
				GCC_WARN_UNUSED_VARIABLE = YES;
				IPHONEOS_DEPLOYMENT_TARGET = 10.1;
				MTL_ENABLE_DEBUG_INFO = NO;
				SDKROOT = iphoneos;
				SWIFT_OPTIMIZATION_LEVEL = "-Owholemodule";
				TARGETED_DEVICE_FAMILY = "1,2";
				VALIDATE_PRODUCT = YES;
				VERSIONING_SYSTEM = "apple-generic";
				VERSION_INFO_PREFIX = "";
			};
			name = Release;
		};
		42E332751DE4B8F2006BE3D7 /* Debug */ = {
			isa = XCBuildConfiguration;
			baseConfigurationReference = 22D9312257E80F8E34520CBB /* Pods-AkaneAll.debug.xcconfig */;
			buildSettings = {
				CODE_SIGN_IDENTITY = "";
				DEFINES_MODULE = YES;
				DEVELOPMENT_TEAM = U238JHJ7N4;
				DYLIB_COMPATIBILITY_VERSION = 1;
				DYLIB_CURRENT_VERSION = 1;
				DYLIB_INSTALL_NAME_BASE = "@rpath";
				INFOPLIST_FILE = AkaneAll/Info.plist;
				INSTALL_PATH = "$(LOCAL_LIBRARY_DIR)/Frameworks";
				LD_RUNPATH_SEARCH_PATHS = "$(inherited) @executable_path/Frameworks @loader_path/Frameworks";
				PRODUCT_BUNDLE_IDENTIFIER = com.akane.AkaneAll;
				PRODUCT_NAME = "$(TARGET_NAME)";
				SKIP_INSTALL = YES;
				SWIFT_VERSION = 3.0;
			};
			name = Debug;
		};
		42E332761DE4B8F2006BE3D7 /* Release */ = {
			isa = XCBuildConfiguration;
			baseConfigurationReference = 3BB373B0AD2C0392E060922B /* Pods-AkaneAll.release.xcconfig */;
			buildSettings = {
				CODE_SIGN_IDENTITY = "";
				DEFINES_MODULE = YES;
				DEVELOPMENT_TEAM = U238JHJ7N4;
				DYLIB_COMPATIBILITY_VERSION = 1;
				DYLIB_CURRENT_VERSION = 1;
				DYLIB_INSTALL_NAME_BASE = "@rpath";
				INFOPLIST_FILE = AkaneAll/Info.plist;
				INSTALL_PATH = "$(LOCAL_LIBRARY_DIR)/Frameworks";
				LD_RUNPATH_SEARCH_PATHS = "$(inherited) @executable_path/Frameworks @loader_path/Frameworks";
				PRODUCT_BUNDLE_IDENTIFIER = com.akane.AkaneAll;
				PRODUCT_NAME = "$(TARGET_NAME)";
				SKIP_INSTALL = YES;
				SWIFT_VERSION = 3.0;
			};
			name = Release;
		};
		42E332781DE4B8F2006BE3D7 /* Debug */ = {
			isa = XCBuildConfiguration;
			baseConfigurationReference = 9EF4C01A858369797F5ABE91 /* Pods-AkaneAll-AkaneAllTests.debug.xcconfig */;
			buildSettings = {
				DEVELOPMENT_TEAM = U238JHJ7N4;
				INFOPLIST_FILE = AkaneAllTests/Info.plist;
				LD_RUNPATH_SEARCH_PATHS = "$(inherited) @executable_path/Frameworks @loader_path/Frameworks";
				PRODUCT_BUNDLE_IDENTIFIER = com.akane.AkaneAllTests;
				PRODUCT_NAME = "$(TARGET_NAME)";
				SWIFT_VERSION = 3.0;
			};
			name = Debug;
		};
		42E332791DE4B8F2006BE3D7 /* Release */ = {
			isa = XCBuildConfiguration;
			baseConfigurationReference = 93DC8DED6BF7ABB0EE7DC95E /* Pods-AkaneAll-AkaneAllTests.release.xcconfig */;
			buildSettings = {
				DEVELOPMENT_TEAM = U238JHJ7N4;
				INFOPLIST_FILE = AkaneAllTests/Info.plist;
				LD_RUNPATH_SEARCH_PATHS = "$(inherited) @executable_path/Frameworks @loader_path/Frameworks";
				PRODUCT_BUNDLE_IDENTIFIER = com.akane.AkaneAllTests;
				PRODUCT_NAME = "$(TARGET_NAME)";
				SWIFT_VERSION = 3.0;
			};
			name = Release;
		};
/* End XCBuildConfiguration section */

/* Begin XCConfigurationList section */
		42E3325A1DE4B8F2006BE3D7 /* Build configuration list for PBXProject "AkaneAll" */ = {
			isa = XCConfigurationList;
			buildConfigurations = (
				42E332721DE4B8F2006BE3D7 /* Debug */,
				42E332731DE4B8F2006BE3D7 /* Release */,
			);
			defaultConfigurationIsVisible = 0;
			defaultConfigurationName = Release;
		};
		42E332741DE4B8F2006BE3D7 /* Build configuration list for PBXNativeTarget "AkaneAll" */ = {
			isa = XCConfigurationList;
			buildConfigurations = (
				42E332751DE4B8F2006BE3D7 /* Debug */,
				42E332761DE4B8F2006BE3D7 /* Release */,
			);
			defaultConfigurationIsVisible = 0;
			defaultConfigurationName = Release;
		};
		42E332771DE4B8F2006BE3D7 /* Build configuration list for PBXNativeTarget "AkaneAllTests" */ = {
			isa = XCConfigurationList;
			buildConfigurations = (
				42E332781DE4B8F2006BE3D7 /* Debug */,
				42E332791DE4B8F2006BE3D7 /* Release */,
			);
			defaultConfigurationIsVisible = 0;
			defaultConfigurationName = Release;
		};
/* End XCConfigurationList section */
	};
	rootObject = 42E332571DE4B8F2006BE3D7 /* Project object */;
}
