// !$*UTF8*$!
{
	archiveVersion = 1;
	classes = {
	};
	objectVersion = 46;
	objects = {

/* Begin PBXBuildFile section */
		49100BAB1FF941ED0039F075 /* Context.swift in Sources */ = {isa = PBXBuildFile; fileRef = 49100BAA1FF941ED0039F075 /* Context.swift */; };
		491679B8200C1C310070361F /* DisplayObservationTests.swift in Sources */ = {isa = PBXBuildFile; fileRef = 491679B7200C1C310070361F /* DisplayObservationTests.swift */; };
		4919396A1FFEEAD700059669 /* DependencyResolver.swift in Sources */ = {isa = PBXBuildFile; fileRef = 491939681FFEEAD700059669 /* DependencyResolver.swift */; };
		4919396B1FFEEAD700059669 /* Injectable.swift in Sources */ = {isa = PBXBuildFile; fileRef = 491939691FFEEAD700059669 /* Injectable.swift */; };
		493287211EFAA0CD009D1326 /* ComponentContainerSpec.swift in Sources */ = {isa = PBXBuildFile; fileRef = 4932871F1EFA9F40009D1326 /* ComponentContainerSpec.swift */; };
		4946739F20548C730028DFAD /* Unselectable.swift in Sources */ = {isa = PBXBuildFile; fileRef = 4946739D20548C730028DFAD /* Unselectable.swift */; };
		494673A020548C730028DFAD /* Selectable.swift in Sources */ = {isa = PBXBuildFile; fileRef = 4946739E20548C730028DFAD /* Selectable.swift */; };
		4948ED391F3C8DB4002E554E /* ContentDisplayable.swift in Sources */ = {isa = PBXBuildFile; fileRef = 4948ED381F3C8DB4002E554E /* ContentDisplayable.swift */; };
		494CFE2D20026FF1007D0C9F /* DisplayObservation.swift in Sources */ = {isa = PBXBuildFile; fileRef = 494CFE2C20026FF1007D0C9F /* DisplayObservation.swift */; };
		495B4B922039B7B2005C4B0A /* Observation.swift in Sources */ = {isa = PBXBuildFile; fileRef = 495B4B912039B7B2005C4B0A /* Observation.swift */; };
		495D81CA2023824F00E0AA80 /* DisplayObservation+Bond.swift in Sources */ = {isa = PBXBuildFile; fileRef = 495D81C8202381F500E0AA80 /* DisplayObservation+Bond.swift */; };
		4962DD91201FC3700076E6F5 /* DisplayObservationTests.swift in Sources */ = {isa = PBXBuildFile; fileRef = 4962DD8F201FBF550076E6F5 /* DisplayObservationTests.swift */; };
		496854821BD6741D00589F4C /* Akane.framework in Frameworks */ = {isa = PBXBuildFile; fileRef = 496854781BD6741C00589F4C /* Akane.framework */; };
		496854941BD6760100589F4C /* Akane.h in Headers */ = {isa = PBXBuildFile; fileRef = 490ABDAD1A5EBF08007EA312 /* Akane.h */; settings = {ATTRIBUTES = (Public, ); }; };
		497A011F1EC0FCF400FA9347 /* ComponentContainer.swift in Sources */ = {isa = PBXBuildFile; fileRef = 497A011E1EC0FCF400FA9347 /* ComponentContainer.swift */; };
		49D472761EBF537E00E1435E /* ComponentController.swift in Sources */ = {isa = PBXBuildFile; fileRef = 49D472691EBF537E00E1435E /* ComponentController.swift */; };
		49D4727A1EBF537E00E1435E /* ComponentView.swift in Sources */ = {isa = PBXBuildFile; fileRef = 49D4726E1EBF537E00E1435E /* ComponentView.swift */; };
		49D4727B1EBF537E00E1435E /* ComponentViewModel.swift in Sources */ = {isa = PBXBuildFile; fileRef = 49D472701EBF537E00E1435E /* ComponentViewModel.swift */; };
		49D472801EBF537E00E1435E /* WeakValue.swift in Sources */ = {isa = PBXBuildFile; fileRef = 49D472751EBF537E00E1435E /* WeakValue.swift */; };
		49D472921EBF542400E1435E /* Bindable.swift in Sources */ = {isa = PBXBuildFile; fileRef = 49D472841EBF542400E1435E /* Bindable.swift */; };
		49D472961EBF542400E1435E /* AnyObservation.swift in Sources */ = {isa = PBXBuildFile; fileRef = 49D4728A1EBF542400E1435E /* AnyObservation.swift */; };
		49D4729A1EBF542400E1435E /* ViewModelObservation.swift in Sources */ = {isa = PBXBuildFile; fileRef = 49D4728E1EBF542400E1435E /* ViewModelObservation.swift */; };
		49D4729B1EBF542400E1435E /* ViewObserver.swift in Sources */ = {isa = PBXBuildFile; fileRef = 49D472901EBF542400E1435E /* ViewObserver.swift */; };
		49D472B61EBF547500E1435E /* AkaneBond.framework in Frameworks */ = {isa = PBXBuildFile; fileRef = 49D472AD1EBF547500E1435E /* AkaneBond.framework */; };
		49D472C41EBF548200E1435E /* Bond.swift in Sources */ = {isa = PBXBuildFile; fileRef = 49D4729D1EBF545700E1435E /* Bond.swift */; };
		49D472C51EBF548600E1435E /* AsyncCommand.swift in Sources */ = {isa = PBXBuildFile; fileRef = 49D4729F1EBF545700E1435E /* AsyncCommand.swift */; };
		49D472C81EBF548600E1435E /* RelayCommand.swift in Sources */ = {isa = PBXBuildFile; fileRef = 49D472A21EBF545700E1435E /* RelayCommand.swift */; };
		49D472CD1EBF551E00E1435E /* CommandObservation.swift in Sources */ = {isa = PBXBuildFile; fileRef = 49D472CB1EBF54F400E1435E /* CommandObservation.swift */; };
		49D472E61EBF558700E1435E /* CollectionElementCategory.swift in Sources */ = {isa = PBXBuildFile; fileRef = 49D472CF1EBF558700E1435E /* CollectionElementCategory.swift */; };
		49D472E81EBF558700E1435E /* CollectionDataSource.swift in Sources */ = {isa = PBXBuildFile; fileRef = 49D472D21EBF558700E1435E /* CollectionDataSource.swift */; };
		49D472E91EBF558700E1435E /* DataSource.swift in Sources */ = {isa = PBXBuildFile; fileRef = 49D472D31EBF558700E1435E /* DataSource.swift */; };
		49D472EA1EBF558700E1435E /* TableDataSource.swift in Sources */ = {isa = PBXBuildFile; fileRef = 49D472D41EBF558700E1435E /* TableDataSource.swift */; };
		49D472EB1EBF558700E1435E /* CollectionViewDelegate.swift in Sources */ = {isa = PBXBuildFile; fileRef = 49D472D61EBF558700E1435E /* CollectionViewDelegate.swift */; };
		49D472EC1EBF558700E1435E /* CollectionViewSectionDelegate.swift in Sources */ = {isa = PBXBuildFile; fileRef = 49D472D71EBF558700E1435E /* CollectionViewSectionDelegate.swift */; };
		49D472ED1EBF558700E1435E /* TableViewDelegate.swift in Sources */ = {isa = PBXBuildFile; fileRef = 49D472D81EBF558700E1435E /* TableViewDelegate.swift */; };
		49D472EE1EBF558700E1435E /* TableViewSectionDelegate.swift in Sources */ = {isa = PBXBuildFile; fileRef = 49D472D91EBF558700E1435E /* TableViewSectionDelegate.swift */; };
		49D472EF1EBF558700E1435E /* TableViewFlowLayout.swift in Sources */ = {isa = PBXBuildFile; fileRef = 49D472DB1EBF558700E1435E /* TableViewFlowLayout.swift */; };
		49D472F01EBF558700E1435E /* TableViewLayout.swift in Sources */ = {isa = PBXBuildFile; fileRef = 49D472DC1EBF558700E1435E /* TableViewLayout.swift */; };
		49D472F61EBF558700E1435E /* UITableView+Update.swift in Sources */ = {isa = PBXBuildFile; fileRef = 49D472E41EBF558700E1435E /* UITableView+Update.swift */; };
		49D472F71EBF558700E1435E /* UITableView.swift in Sources */ = {isa = PBXBuildFile; fileRef = 49D472E51EBF558700E1435E /* UITableView.swift */; };
		49D473061EBF591F00E1435E /* Command.swift in Sources */ = {isa = PBXBuildFile; fileRef = 49D473051EBF591F00E1435E /* Command.swift */; };
		49D473081EBF594B00E1435E /* Commandable.swift in Sources */ = {isa = PBXBuildFile; fileRef = 49D473071EBF594B00E1435E /* Commandable.swift */; };
		49D4730A1EBF598B00E1435E /* AkaneBond.h in Headers */ = {isa = PBXBuildFile; fileRef = 49D473091EBF598B00E1435E /* AkaneBond.h */; settings = {ATTRIBUTES = (Public, ); }; };
		49D4730B1EBF5ADF00E1435E /* Akane.framework in Frameworks */ = {isa = PBXBuildFile; fileRef = 496854781BD6741C00589F4C /* Akane.framework */; };
		49D4731D1EBF5D9400E1435E /* AnyObservationSpec.swift in Sources */ = {isa = PBXBuildFile; fileRef = 49D473111EBF5D8100E1435E /* AnyObservationSpec.swift */; };
		49D473211EBF5D9700E1435E /* ComponentViewControllerSpec.swift in Sources */ = {isa = PBXBuildFile; fileRef = 49D473171EBF5D8100E1435E /* ComponentViewControllerSpec.swift */; };
		49D473241EBF5EAE00E1435E /* BondSpec.swift in Sources */ = {isa = PBXBuildFile; fileRef = 49D473191EBF5D8100E1435E /* BondSpec.swift */; };
		49D473251EBF5EB300E1435E /* AsyncCommandSpec.swift in Sources */ = {isa = PBXBuildFile; fileRef = 49D4731B1EBF5D8100E1435E /* AsyncCommandSpec.swift */; };
		49D473271EBFCC1200E1435E /* BondCommand.swift in Sources */ = {isa = PBXBuildFile; fileRef = 49D473261EBFCC1200E1435E /* BondCommand.swift */; };
		49EEDACA1EC1264E00F1F432 /* DefaultViewController.swift in Sources */ = {isa = PBXBuildFile; fileRef = 49EEDAC91EC1264E00F1F432 /* DefaultViewController.swift */; };
		49EFFC1C1FF13E8B00150380 /* SceneController.swift in Sources */ = {isa = PBXBuildFile; fileRef = 49EFFC1B1FF13E8B00150380 /* SceneController.swift */; };
/* End PBXBuildFile section */

/* Begin PBXContainerItemProxy section */
		496854831BD6741D00589F4C /* PBXContainerItemProxy */ = {
			isa = PBXContainerItemProxy;
			containerPortal = 4926EAC31A5EBCBF005A3D71 /* Project object */;
			proxyType = 1;
			remoteGlobalIDString = 496854771BD6741C00589F4C;
			remoteInfo = Akane;
		};
		49D472B71EBF547500E1435E /* PBXContainerItemProxy */ = {
			isa = PBXContainerItemProxy;
			containerPortal = 4926EAC31A5EBCBF005A3D71 /* Project object */;
			proxyType = 1;
			remoteGlobalIDString = 49D472AC1EBF547500E1435E;
			remoteInfo = AkaneBond;
		};
/* End PBXContainerItemProxy section */

/* Begin PBXFileReference section */
		490ABDAD1A5EBF08007EA312 /* Akane.h */ = {isa = PBXFileReference; fileEncoding = 4; lastKnownFileType = sourcecode.c.h; path = Akane.h; sourceTree = "<group>"; };
		49100BAA1FF941ED0039F075 /* Context.swift */ = {isa = PBXFileReference; lastKnownFileType = sourcecode.swift; path = Context.swift; sourceTree = "<group>"; };
		491679B7200C1C310070361F /* DisplayObservationTests.swift */ = {isa = PBXFileReference; lastKnownFileType = sourcecode.swift; path = DisplayObservationTests.swift; sourceTree = "<group>"; };
		491939681FFEEAD700059669 /* DependencyResolver.swift */ = {isa = PBXFileReference; fileEncoding = 4; lastKnownFileType = sourcecode.swift; path = DependencyResolver.swift; sourceTree = "<group>"; };
		491939691FFEEAD700059669 /* Injectable.swift */ = {isa = PBXFileReference; fileEncoding = 4; lastKnownFileType = sourcecode.swift; path = Injectable.swift; sourceTree = "<group>"; };
		4926EAFB1A5EBD4A005A3D71 /* Info.plist */ = {isa = PBXFileReference; lastKnownFileType = text.plist.xml; path = Info.plist; sourceTree = "<group>"; };
		4932871F1EFA9F40009D1326 /* ComponentContainerSpec.swift */ = {isa = PBXFileReference; fileEncoding = 4; lastKnownFileType = sourcecode.swift; path = ComponentContainerSpec.swift; sourceTree = "<group>"; };
		4946739D20548C730028DFAD /* Unselectable.swift */ = {isa = PBXFileReference; fileEncoding = 4; lastKnownFileType = sourcecode.swift; path = Unselectable.swift; sourceTree = "<group>"; };
		4946739E20548C730028DFAD /* Selectable.swift */ = {isa = PBXFileReference; fileEncoding = 4; lastKnownFileType = sourcecode.swift; path = Selectable.swift; sourceTree = "<group>"; };
		4948ED381F3C8DB4002E554E /* ContentDisplayable.swift */ = {isa = PBXFileReference; fileEncoding = 4; lastKnownFileType = sourcecode.swift; path = ContentDisplayable.swift; sourceTree = "<group>"; };
		494CFE2C20026FF1007D0C9F /* DisplayObservation.swift */ = {isa = PBXFileReference; lastKnownFileType = sourcecode.swift; path = DisplayObservation.swift; sourceTree = "<group>"; };
		495B4B912039B7B2005C4B0A /* Observation.swift */ = {isa = PBXFileReference; fileEncoding = 4; lastKnownFileType = sourcecode.swift; path = Observation.swift; sourceTree = "<group>"; };
		495D81C8202381F500E0AA80 /* DisplayObservation+Bond.swift */ = {isa = PBXFileReference; lastKnownFileType = sourcecode.swift; path = "DisplayObservation+Bond.swift"; sourceTree = "<group>"; };
		4962DD8F201FBF550076E6F5 /* DisplayObservationTests.swift */ = {isa = PBXFileReference; lastKnownFileType = sourcecode.swift; path = DisplayObservationTests.swift; sourceTree = "<group>"; };
		496854781BD6741C00589F4C /* Akane.framework */ = {isa = PBXFileReference; explicitFileType = wrapper.framework; includeInIndex = 0; path = Akane.framework; sourceTree = BUILT_PRODUCTS_DIR; };
		496854811BD6741C00589F4C /* AkaneTests.xctest */ = {isa = PBXFileReference; explicitFileType = wrapper.cfbundle; includeInIndex = 0; path = AkaneTests.xctest; sourceTree = BUILT_PRODUCTS_DIR; };
		497A011E1EC0FCF400FA9347 /* ComponentContainer.swift */ = {isa = PBXFileReference; fileEncoding = 4; lastKnownFileType = sourcecode.swift; path = ComponentContainer.swift; sourceTree = "<group>"; };
		49D472691EBF537E00E1435E /* ComponentController.swift */ = {isa = PBXFileReference; fileEncoding = 4; lastKnownFileType = sourcecode.swift; path = ComponentController.swift; sourceTree = "<group>"; };
		49D4726E1EBF537E00E1435E /* ComponentView.swift */ = {isa = PBXFileReference; fileEncoding = 4; lastKnownFileType = sourcecode.swift; path = ComponentView.swift; sourceTree = "<group>"; };
		49D472701EBF537E00E1435E /* ComponentViewModel.swift */ = {isa = PBXFileReference; fileEncoding = 4; lastKnownFileType = sourcecode.swift; path = ComponentViewModel.swift; sourceTree = "<group>"; };
		49D472751EBF537E00E1435E /* WeakValue.swift */ = {isa = PBXFileReference; fileEncoding = 4; lastKnownFileType = sourcecode.swift; path = WeakValue.swift; sourceTree = "<group>"; };
		49D472841EBF542400E1435E /* Bindable.swift */ = {isa = PBXFileReference; fileEncoding = 4; lastKnownFileType = sourcecode.swift; path = Bindable.swift; sourceTree = "<group>"; };
		49D4728A1EBF542400E1435E /* AnyObservation.swift */ = {isa = PBXFileReference; fileEncoding = 4; lastKnownFileType = sourcecode.swift; path = AnyObservation.swift; sourceTree = "<group>"; };
		49D4728E1EBF542400E1435E /* ViewModelObservation.swift */ = {isa = PBXFileReference; fileEncoding = 4; lastKnownFileType = sourcecode.swift; path = ViewModelObservation.swift; sourceTree = "<group>"; };
		49D472901EBF542400E1435E /* ViewObserver.swift */ = {isa = PBXFileReference; fileEncoding = 4; lastKnownFileType = sourcecode.swift; path = ViewObserver.swift; sourceTree = "<group>"; };
		49D4729D1EBF545700E1435E /* Bond.swift */ = {isa = PBXFileReference; fileEncoding = 4; lastKnownFileType = sourcecode.swift; path = Bond.swift; sourceTree = "<group>"; };
		49D4729F1EBF545700E1435E /* AsyncCommand.swift */ = {isa = PBXFileReference; fileEncoding = 4; lastKnownFileType = sourcecode.swift; path = AsyncCommand.swift; sourceTree = "<group>"; };
		49D472A21EBF545700E1435E /* RelayCommand.swift */ = {isa = PBXFileReference; fileEncoding = 4; lastKnownFileType = sourcecode.swift; path = RelayCommand.swift; sourceTree = "<group>"; };
		49D472AD1EBF547500E1435E /* AkaneBond.framework */ = {isa = PBXFileReference; explicitFileType = wrapper.framework; includeInIndex = 0; path = AkaneBond.framework; sourceTree = BUILT_PRODUCTS_DIR; };
		49D472B51EBF547500E1435E /* AkaneBondTests.xctest */ = {isa = PBXFileReference; explicitFileType = wrapper.cfbundle; includeInIndex = 0; path = AkaneBondTests.xctest; sourceTree = BUILT_PRODUCTS_DIR; };
		49D472CB1EBF54F400E1435E /* CommandObservation.swift */ = {isa = PBXFileReference; fileEncoding = 4; lastKnownFileType = sourcecode.swift; path = CommandObservation.swift; sourceTree = "<group>"; };
		49D472CF1EBF558700E1435E /* CollectionElementCategory.swift */ = {isa = PBXFileReference; fileEncoding = 4; lastKnownFileType = sourcecode.swift; path = CollectionElementCategory.swift; sourceTree = "<group>"; };
		49D472D21EBF558700E1435E /* CollectionDataSource.swift */ = {isa = PBXFileReference; fileEncoding = 4; lastKnownFileType = sourcecode.swift; path = CollectionDataSource.swift; sourceTree = "<group>"; };
		49D472D31EBF558700E1435E /* DataSource.swift */ = {isa = PBXFileReference; fileEncoding = 4; lastKnownFileType = sourcecode.swift; path = DataSource.swift; sourceTree = "<group>"; };
		49D472D41EBF558700E1435E /* TableDataSource.swift */ = {isa = PBXFileReference; fileEncoding = 4; lastKnownFileType = sourcecode.swift; path = TableDataSource.swift; sourceTree = "<group>"; };
		49D472D61EBF558700E1435E /* CollectionViewDelegate.swift */ = {isa = PBXFileReference; fileEncoding = 4; lastKnownFileType = sourcecode.swift; path = CollectionViewDelegate.swift; sourceTree = "<group>"; };
		49D472D71EBF558700E1435E /* CollectionViewSectionDelegate.swift */ = {isa = PBXFileReference; fileEncoding = 4; lastKnownFileType = sourcecode.swift; path = CollectionViewSectionDelegate.swift; sourceTree = "<group>"; };
		49D472D81EBF558700E1435E /* TableViewDelegate.swift */ = {isa = PBXFileReference; fileEncoding = 4; lastKnownFileType = sourcecode.swift; path = TableViewDelegate.swift; sourceTree = "<group>"; };
		49D472D91EBF558700E1435E /* TableViewSectionDelegate.swift */ = {isa = PBXFileReference; fileEncoding = 4; lastKnownFileType = sourcecode.swift; path = TableViewSectionDelegate.swift; sourceTree = "<group>"; };
		49D472DB1EBF558700E1435E /* TableViewFlowLayout.swift */ = {isa = PBXFileReference; fileEncoding = 4; lastKnownFileType = sourcecode.swift; path = TableViewFlowLayout.swift; sourceTree = "<group>"; };
		49D472DC1EBF558700E1435E /* TableViewLayout.swift */ = {isa = PBXFileReference; fileEncoding = 4; lastKnownFileType = sourcecode.swift; path = TableViewLayout.swift; sourceTree = "<group>"; };
		49D472E41EBF558700E1435E /* UITableView+Update.swift */ = {isa = PBXFileReference; fileEncoding = 4; lastKnownFileType = sourcecode.swift; path = "UITableView+Update.swift"; sourceTree = "<group>"; };
		49D472E51EBF558700E1435E /* UITableView.swift */ = {isa = PBXFileReference; fileEncoding = 4; lastKnownFileType = sourcecode.swift; path = UITableView.swift; sourceTree = "<group>"; };
		49D473051EBF591F00E1435E /* Command.swift */ = {isa = PBXFileReference; fileEncoding = 4; lastKnownFileType = sourcecode.swift; path = Command.swift; sourceTree = "<group>"; };
		49D473071EBF594B00E1435E /* Commandable.swift */ = {isa = PBXFileReference; fileEncoding = 4; lastKnownFileType = sourcecode.swift; path = Commandable.swift; sourceTree = "<group>"; };
		49D473091EBF598B00E1435E /* AkaneBond.h */ = {isa = PBXFileReference; fileEncoding = 4; lastKnownFileType = sourcecode.c.h; path = AkaneBond.h; sourceTree = "<group>"; };
		49D473111EBF5D8100E1435E /* AnyObservationSpec.swift */ = {isa = PBXFileReference; lastKnownFileType = sourcecode.swift; path = AnyObservationSpec.swift; sourceTree = "<group>"; };
		49D473171EBF5D8100E1435E /* ComponentViewControllerSpec.swift */ = {isa = PBXFileReference; lastKnownFileType = sourcecode.swift; path = ComponentViewControllerSpec.swift; sourceTree = "<group>"; };
		49D473191EBF5D8100E1435E /* BondSpec.swift */ = {isa = PBXFileReference; lastKnownFileType = sourcecode.swift; path = BondSpec.swift; sourceTree = "<group>"; };
		49D4731B1EBF5D8100E1435E /* AsyncCommandSpec.swift */ = {isa = PBXFileReference; lastKnownFileType = sourcecode.swift; path = AsyncCommandSpec.swift; sourceTree = "<group>"; };
		49D4731C1EBF5D8100E1435E /* Info.plist */ = {isa = PBXFileReference; lastKnownFileType = text.plist.xml; path = Info.plist; sourceTree = "<group>"; };
		49D473261EBFCC1200E1435E /* BondCommand.swift */ = {isa = PBXFileReference; fileEncoding = 4; lastKnownFileType = sourcecode.swift; path = BondCommand.swift; sourceTree = "<group>"; };
		49EEDAC91EC1264E00F1F432 /* DefaultViewController.swift */ = {isa = PBXFileReference; fileEncoding = 4; lastKnownFileType = sourcecode.swift; path = DefaultViewController.swift; sourceTree = "<group>"; };
		49EFFC1B1FF13E8B00150380 /* SceneController.swift */ = {isa = PBXFileReference; fileEncoding = 4; lastKnownFileType = sourcecode.swift; path = SceneController.swift; sourceTree = "<group>"; };
/* End PBXFileReference section */

/* Begin PBXFrameworksBuildPhase section */
		496854741BD6741C00589F4C /* Frameworks */ = {
			isa = PBXFrameworksBuildPhase;
			buildActionMask = 2147483647;
			files = (
			);
			runOnlyForDeploymentPostprocessing = 0;
		};
		4968547E1BD6741C00589F4C /* Frameworks */ = {
			isa = PBXFrameworksBuildPhase;
			buildActionMask = 2147483647;
			files = (
				496854821BD6741D00589F4C /* Akane.framework in Frameworks */,
			);
			runOnlyForDeploymentPostprocessing = 0;
		};
		49D472A91EBF547500E1435E /* Frameworks */ = {
			isa = PBXFrameworksBuildPhase;
			buildActionMask = 2147483647;
			files = (
				49D4730B1EBF5ADF00E1435E /* Akane.framework in Frameworks */,
			);
			runOnlyForDeploymentPostprocessing = 0;
		};
		49D472B21EBF547500E1435E /* Frameworks */ = {
			isa = PBXFrameworksBuildPhase;
			buildActionMask = 2147483647;
			files = (
				49D472B61EBF547500E1435E /* AkaneBond.framework in Frameworks */,
			);
			runOnlyForDeploymentPostprocessing = 0;
		};
/* End PBXFrameworksBuildPhase section */

/* Begin PBXGroup section */
		491939671FFEEAD700059669 /* Injection */ = {
			isa = PBXGroup;
			children = (
				491939681FFEEAD700059669 /* DependencyResolver.swift */,
				491939691FFEEAD700059669 /* Injectable.swift */,
			);
			path = Injection;
			sourceTree = "<group>";
		};
		4926EAC21A5EBCBF005A3D71 = {
			isa = PBXGroup;
			children = (
				4926EACD1A5EBCBF005A3D71 /* Akane */,
				49D4730C1EBF5D8100E1435E /* Tests */,
				4926EACC1A5EBCBF005A3D71 /* Products */,
			);
			sourceTree = "<group>";
		};
		4926EACC1A5EBCBF005A3D71 /* Products */ = {
			isa = PBXGroup;
			children = (
				496854781BD6741C00589F4C /* Akane.framework */,
				496854811BD6741C00589F4C /* AkaneTests.xctest */,
				49D472AD1EBF547500E1435E /* AkaneBond.framework */,
				49D472B51EBF547500E1435E /* AkaneBondTests.xctest */,
			);
			name = Products;
			sourceTree = "<group>";
		};
		4926EACD1A5EBCBF005A3D71 /* Akane */ = {
			isa = PBXGroup;
			children = (
				49D4729C1EBF545700E1435E /* Bond */,
				49D472661EBF537E00E1435E /* Akane */,
				490ABDAD1A5EBF08007EA312 /* Akane.h */,
				4926EAFB1A5EBD4A005A3D71 /* Info.plist */,
			);
			path = Akane;
			sourceTree = "<group>";
		};
		4962DD8E201FBF380076E6F5 /* Binding */ = {
			isa = PBXGroup;
			children = (
				4962DD8F201FBF550076E6F5 /* DisplayObservationTests.swift */,
			);
			path = Binding;
			sourceTree = "<group>";
		};
		49D472661EBF537E00E1435E /* Akane */ = {
			isa = PBXGroup;
			children = (
				49100BAA1FF941ED0039F075 /* Context.swift */,
				491939671FFEEAD700059669 /* Injection */,
				49D473001EBF58FB00E1435E /* Command */,
				49D472751EBF537E00E1435E /* WeakValue.swift */,
				49D472811EBF542400E1435E /* Binding */,
				49D472CE1EBF558700E1435E /* Collection */,
				49D472671EBF537E00E1435E /* Component */,
			);
			path = Akane;
			sourceTree = "<group>";
		};
		49D472671EBF537E00E1435E /* Component */ = {
			isa = PBXGroup;
			children = (
				497A011E1EC0FCF400FA9347 /* ComponentContainer.swift */,
				49D472681EBF537E00E1435E /* Controller */,
				49D4726D1EBF537E00E1435E /* View */,
				49D4726F1EBF537E00E1435E /* ViewModel */,
			);
			path = Component;
			sourceTree = "<group>";
		};
		49D472681EBF537E00E1435E /* Controller */ = {
			isa = PBXGroup;
			children = (
				49EFFC1B1FF13E8B00150380 /* SceneController.swift */,
				49EEDAC91EC1264E00F1F432 /* DefaultViewController.swift */,
				49D472691EBF537E00E1435E /* ComponentController.swift */,
			);
			path = Controller;
			sourceTree = "<group>";
		};
		49D4726D1EBF537E00E1435E /* View */ = {
			isa = PBXGroup;
			children = (
				49D4726E1EBF537E00E1435E /* ComponentView.swift */,
				4948ED381F3C8DB4002E554E /* ContentDisplayable.swift */,
			);
			path = View;
			sourceTree = "<group>";
		};
		49D4726F1EBF537E00E1435E /* ViewModel */ = {
			isa = PBXGroup;
			children = (
				49D472701EBF537E00E1435E /* ComponentViewModel.swift */,
				4946739E20548C730028DFAD /* Selectable.swift */,
				4946739D20548C730028DFAD /* Unselectable.swift */,
			);
			path = ViewModel;
			sourceTree = "<group>";
		};
		49D472811EBF542400E1435E /* Binding */ = {
			isa = PBXGroup;
			children = (
				49D472841EBF542400E1435E /* Bindable.swift */,
				49D472891EBF542400E1435E /* Observation */,
				49D4728F1EBF542400E1435E /* Observer */,
			);
			path = Binding;
			sourceTree = "<group>";
		};
		49D472891EBF542400E1435E /* Observation */ = {
			isa = PBXGroup;
			children = (
				495B4B912039B7B2005C4B0A /* Observation.swift */,
				49D4728A1EBF542400E1435E /* AnyObservation.swift */,
				49D4728E1EBF542400E1435E /* ViewModelObservation.swift */,
				494CFE2C20026FF1007D0C9F /* DisplayObservation.swift */,
			);
			path = Observation;
			sourceTree = "<group>";
		};
		49D4728F1EBF542400E1435E /* Observer */ = {
			isa = PBXGroup;
			children = (
				49D472901EBF542400E1435E /* ViewObserver.swift */,
			);
			path = Observer;
			sourceTree = "<group>";
		};
		49D4729C1EBF545700E1435E /* Bond */ = {
			isa = PBXGroup;
			children = (
				49D473091EBF598B00E1435E /* AkaneBond.h */,
				49D4729D1EBF545700E1435E /* Bond.swift */,
				49D472C91EBF54F400E1435E /* Binding */,
				49D4729E1EBF545700E1435E /* Command */,
			);
			path = Bond;
			sourceTree = "<group>";
		};
		49D4729E1EBF545700E1435E /* Command */ = {
			isa = PBXGroup;
			children = (
				49D473261EBFCC1200E1435E /* BondCommand.swift */,
				49D4729F1EBF545700E1435E /* AsyncCommand.swift */,
				49D472A21EBF545700E1435E /* RelayCommand.swift */,
			);
			path = Command;
			sourceTree = "<group>";
		};
		49D472C91EBF54F400E1435E /* Binding */ = {
			isa = PBXGroup;
			children = (
				49D472CA1EBF54F400E1435E /* Observation */,
				495D81C8202381F500E0AA80 /* DisplayObservation+Bond.swift */,
			);
			path = Binding;
			sourceTree = "<group>";
		};
		49D472CA1EBF54F400E1435E /* Observation */ = {
			isa = PBXGroup;
			children = (
				49D472CB1EBF54F400E1435E /* CommandObservation.swift */,
			);
			path = Observation;
			sourceTree = "<group>";
		};
		49D472CE1EBF558700E1435E /* Collection */ = {
			isa = PBXGroup;
			children = (
				49D472CF1EBF558700E1435E /* CollectionElementCategory.swift */,
				49D472D11EBF558700E1435E /* DataSource */,
				49D472D51EBF558700E1435E /* Delegate */,
				49D472DA1EBF558700E1435E /* Layout */,
				49D472E11EBF558700E1435E /* UIKit */,
			);
			path = Collection;
			sourceTree = "<group>";
		};
		49D472D11EBF558700E1435E /* DataSource */ = {
			isa = PBXGroup;
			children = (
				49D472D21EBF558700E1435E /* CollectionDataSource.swift */,
				49D472D31EBF558700E1435E /* DataSource.swift */,
				49D472D41EBF558700E1435E /* TableDataSource.swift */,
			);
			path = DataSource;
			sourceTree = "<group>";
		};
		49D472D51EBF558700E1435E /* Delegate */ = {
			isa = PBXGroup;
			children = (
				49D472D61EBF558700E1435E /* CollectionViewDelegate.swift */,
				49D472D71EBF558700E1435E /* CollectionViewSectionDelegate.swift */,
				49D472D81EBF558700E1435E /* TableViewDelegate.swift */,
				49D472D91EBF558700E1435E /* TableViewSectionDelegate.swift */,
			);
			path = Delegate;
			sourceTree = "<group>";
		};
		49D472DA1EBF558700E1435E /* Layout */ = {
			isa = PBXGroup;
			children = (
				49D472DB1EBF558700E1435E /* TableViewFlowLayout.swift */,
				49D472DC1EBF558700E1435E /* TableViewLayout.swift */,
			);
			path = Layout;
			sourceTree = "<group>";
		};
		49D472E11EBF558700E1435E /* UIKit */ = {
			isa = PBXGroup;
			children = (
				49D472E41EBF558700E1435E /* UITableView+Update.swift */,
				49D472E51EBF558700E1435E /* UITableView.swift */,
			);
			path = UIKit;
			sourceTree = "<group>";
		};
		49D473001EBF58FB00E1435E /* Command */ = {
			isa = PBXGroup;
			children = (
				49D473071EBF594B00E1435E /* Commandable.swift */,
				49D473051EBF591F00E1435E /* Command.swift */,
			);
			path = Command;
			sourceTree = "<group>";
		};
		49D4730C1EBF5D8100E1435E /* Tests */ = {
			isa = PBXGroup;
			children = (
				49D4730D1EBF5D8100E1435E /* Akane */,
				49D473181EBF5D8100E1435E /* Bond */,
				49D4731C1EBF5D8100E1435E /* Info.plist */,
			);
			path = Tests;
			sourceTree = "<group>";
		};
		49D4730D1EBF5D8100E1435E /* Akane */ = {
			isa = PBXGroup;
			children = (
				49D4730E1EBF5D8100E1435E /* Binding */,
				49D473141EBF5D8100E1435E /* Component */,
			);
			path = Akane;
			sourceTree = "<group>";
		};
		49D4730E1EBF5D8100E1435E /* Binding */ = {
			isa = PBXGroup;
			children = (
				49D473101EBF5D8100E1435E /* Observation */,
			);
			path = Binding;
			sourceTree = "<group>";
		};
		49D473101EBF5D8100E1435E /* Observation */ = {
			isa = PBXGroup;
			children = (
				49D473111EBF5D8100E1435E /* AnyObservationSpec.swift */,
				491679B7200C1C310070361F /* DisplayObservationTests.swift */,
			);
			path = Observation;
			sourceTree = "<group>";
		};
		49D473141EBF5D8100E1435E /* Component */ = {
			isa = PBXGroup;
			children = (
				49D473151EBF5D8100E1435E /* Controller */,
			);
			path = Component;
			sourceTree = "<group>";
		};
		49D473151EBF5D8100E1435E /* Controller */ = {
			isa = PBXGroup;
			children = (
				49D473171EBF5D8100E1435E /* ComponentViewControllerSpec.swift */,
				4932871F1EFA9F40009D1326 /* ComponentContainerSpec.swift */,
			);
			path = Controller;
			sourceTree = "<group>";
		};
		49D473181EBF5D8100E1435E /* Bond */ = {
			isa = PBXGroup;
			children = (
				4962DD8E201FBF380076E6F5 /* Binding */,
				49D473191EBF5D8100E1435E /* BondSpec.swift */,
				49D4731A1EBF5D8100E1435E /* Command */,
			);
			path = Bond;
			sourceTree = "<group>";
		};
		49D4731A1EBF5D8100E1435E /* Command */ = {
			isa = PBXGroup;
			children = (
				49D4731B1EBF5D8100E1435E /* AsyncCommandSpec.swift */,
			);
			path = Command;
			sourceTree = "<group>";
		};
/* End PBXGroup section */

/* Begin PBXHeadersBuildPhase section */
		496854751BD6741C00589F4C /* Headers */ = {
			isa = PBXHeadersBuildPhase;
			buildActionMask = 2147483647;
			files = (
				496854941BD6760100589F4C /* Akane.h in Headers */,
			);
			runOnlyForDeploymentPostprocessing = 0;
		};
		49D472AA1EBF547500E1435E /* Headers */ = {
			isa = PBXHeadersBuildPhase;
			buildActionMask = 2147483647;
			files = (
				49D4730A1EBF598B00E1435E /* AkaneBond.h in Headers */,
			);
			runOnlyForDeploymentPostprocessing = 0;
		};
/* End PBXHeadersBuildPhase section */

/* Begin PBXNativeTarget section */
		496854771BD6741C00589F4C /* Akane */ = {
			isa = PBXNativeTarget;
			buildConfigurationList = 496854891BD6741D00589F4C /* Build configuration list for PBXNativeTarget "Akane" */;
			buildPhases = (
				496854731BD6741C00589F4C /* Sources */,
				496854741BD6741C00589F4C /* Frameworks */,
				496854751BD6741C00589F4C /* Headers */,
				496854761BD6741C00589F4C /* Resources */,
			);
			buildRules = (
			);
			dependencies = (
			);
			name = Akane;
			productName = Akane;
			productReference = 496854781BD6741C00589F4C /* Akane.framework */;
			productType = "com.apple.product-type.framework";
		};
		496854801BD6741C00589F4C /* AkaneTests */ = {
			isa = PBXNativeTarget;
			buildConfigurationList = 4968548C1BD6741D00589F4C /* Build configuration list for PBXNativeTarget "AkaneTests" */;
			buildPhases = (
				4968547D1BD6741C00589F4C /* Sources */,
				4968547E1BD6741C00589F4C /* Frameworks */,
				4968547F1BD6741C00589F4C /* Resources */,
			);
			buildRules = (
			);
			dependencies = (
				496854841BD6741D00589F4C /* PBXTargetDependency */,
			);
			name = AkaneTests;
			productName = AkaneTests;
			productReference = 496854811BD6741C00589F4C /* AkaneTests.xctest */;
			productType = "com.apple.product-type.bundle.unit-test";
		};
		49D472AC1EBF547500E1435E /* AkaneBond */ = {
			isa = PBXNativeTarget;
			buildConfigurationList = 49D472BE1EBF547500E1435E /* Build configuration list for PBXNativeTarget "AkaneBond" */;
			buildPhases = (
				49D472A81EBF547500E1435E /* Sources */,
				49D472A91EBF547500E1435E /* Frameworks */,
				49D472AA1EBF547500E1435E /* Headers */,
				49D472AB1EBF547500E1435E /* Resources */,
			);
			buildRules = (
			);
			dependencies = (
			);
			name = AkaneBond;
			productName = AkaneBond;
			productReference = 49D472AD1EBF547500E1435E /* AkaneBond.framework */;
			productType = "com.apple.product-type.framework";
		};
		49D472B41EBF547500E1435E /* AkaneBondTests */ = {
			isa = PBXNativeTarget;
			buildConfigurationList = 49D472C11EBF547500E1435E /* Build configuration list for PBXNativeTarget "AkaneBondTests" */;
			buildPhases = (
				49D472B11EBF547500E1435E /* Sources */,
				49D472B21EBF547500E1435E /* Frameworks */,
				49D472B31EBF547500E1435E /* Resources */,
			);
			buildRules = (
			);
			dependencies = (
				49D472B81EBF547500E1435E /* PBXTargetDependency */,
			);
			name = AkaneBondTests;
			productName = AkaneBondTests;
			productReference = 49D472B51EBF547500E1435E /* AkaneBondTests.xctest */;
			productType = "com.apple.product-type.bundle.unit-test";
		};
/* End PBXNativeTarget section */

/* Begin PBXProject section */
		4926EAC31A5EBCBF005A3D71 /* Project object */ = {
			isa = PBXProject;
			attributes = {
				LastSwiftUpdateCheck = 0830;
				LastUpgradeCheck = 0920;
				ORGANIZATIONNAME = fr.akane;
				TargetAttributes = {
					496854771BD6741C00589F4C = {
						CreatedOnToolsVersion = 7.0;
						LastSwiftMigration = 0810;
					};
					496854801BD6741C00589F4C = {
						CreatedOnToolsVersion = 7.0;
						LastSwiftMigration = 0810;
					};
					49D472AC1EBF547500E1435E = {
						CreatedOnToolsVersion = 8.3.1;
						ProvisioningStyle = Automatic;
					};
					49D472B41EBF547500E1435E = {
						CreatedOnToolsVersion = 8.3.1;
						LastSwiftMigration = 0920;
						ProvisioningStyle = Automatic;
					};
				};
			};
			buildConfigurationList = 4926EAC61A5EBCBF005A3D71 /* Build configuration list for PBXProject "Akane" */;
			compatibilityVersion = "Xcode 3.2";
			developmentRegion = English;
			hasScannedForEncodings = 0;
			knownRegions = (
				en,
			);
			mainGroup = 4926EAC21A5EBCBF005A3D71;
			productRefGroup = 4926EACC1A5EBCBF005A3D71 /* Products */;
			projectDirPath = "";
			projectRoot = "";
			targets = (
				496854771BD6741C00589F4C /* Akane */,
				496854801BD6741C00589F4C /* AkaneTests */,
				49D472AC1EBF547500E1435E /* AkaneBond */,
				49D472B41EBF547500E1435E /* AkaneBondTests */,
			);
		};
/* End PBXProject section */

/* Begin PBXResourcesBuildPhase section */
		496854761BD6741C00589F4C /* Resources */ = {
			isa = PBXResourcesBuildPhase;
			buildActionMask = 2147483647;
			files = (
			);
			runOnlyForDeploymentPostprocessing = 0;
		};
		4968547F1BD6741C00589F4C /* Resources */ = {
			isa = PBXResourcesBuildPhase;
			buildActionMask = 2147483647;
			files = (
			);
			runOnlyForDeploymentPostprocessing = 0;
		};
		49D472AB1EBF547500E1435E /* Resources */ = {
			isa = PBXResourcesBuildPhase;
			buildActionMask = 2147483647;
			files = (
			);
			runOnlyForDeploymentPostprocessing = 0;
		};
		49D472B31EBF547500E1435E /* Resources */ = {
			isa = PBXResourcesBuildPhase;
			buildActionMask = 2147483647;
			files = (
			);
			runOnlyForDeploymentPostprocessing = 0;
		};
/* End PBXResourcesBuildPhase section */

/* Begin PBXSourcesBuildPhase section */
		496854731BD6741C00589F4C /* Sources */ = {
			isa = PBXSourcesBuildPhase;
			buildActionMask = 2147483647;
			files = (
				49D472ED1EBF558700E1435E /* TableViewDelegate.swift in Sources */,
				49D4729B1EBF542400E1435E /* ViewObserver.swift in Sources */,
				49D472EA1EBF558700E1435E /* TableDataSource.swift in Sources */,
				4919396A1FFEEAD700059669 /* DependencyResolver.swift in Sources */,
				49D472921EBF542400E1435E /* Bindable.swift in Sources */,
				49D472EB1EBF558700E1435E /* CollectionViewDelegate.swift in Sources */,
				49D472F61EBF558700E1435E /* UITableView+Update.swift in Sources */,
				497A011F1EC0FCF400FA9347 /* ComponentContainer.swift in Sources */,
				49D472EF1EBF558700E1435E /* TableViewFlowLayout.swift in Sources */,
				49D472F01EBF558700E1435E /* TableViewLayout.swift in Sources */,
				4948ED391F3C8DB4002E554E /* ContentDisplayable.swift in Sources */,
				4919396B1FFEEAD700059669 /* Injectable.swift in Sources */,
				49D472E91EBF558700E1435E /* DataSource.swift in Sources */,
				49D472801EBF537E00E1435E /* WeakValue.swift in Sources */,
				49D473061EBF591F00E1435E /* Command.swift in Sources */,
				49D472EE1EBF558700E1435E /* TableViewSectionDelegate.swift in Sources */,
				49D473081EBF594B00E1435E /* Commandable.swift in Sources */,
				49D472EC1EBF558700E1435E /* CollectionViewSectionDelegate.swift in Sources */,
				49D472961EBF542400E1435E /* AnyObservation.swift in Sources */,
				494673A020548C730028DFAD /* Selectable.swift in Sources */,
				49D472E61EBF558700E1435E /* CollectionElementCategory.swift in Sources */,
				49D472E81EBF558700E1435E /* CollectionDataSource.swift in Sources */,
				495B4B922039B7B2005C4B0A /* Observation.swift in Sources */,
				49D472F71EBF558700E1435E /* UITableView.swift in Sources */,
				49D4729A1EBF542400E1435E /* ViewModelObservation.swift in Sources */,
				49EEDACA1EC1264E00F1F432 /* DefaultViewController.swift in Sources */,
				49D473271EBFCC1200E1435E /* BondCommand.swift in Sources */,
				49D4727A1EBF537E00E1435E /* ComponentView.swift in Sources */,
				494CFE2D20026FF1007D0C9F /* DisplayObservation.swift in Sources */,
				49100BAB1FF941ED0039F075 /* Context.swift in Sources */,
				49EFFC1C1FF13E8B00150380 /* SceneController.swift in Sources */,
				49D4727B1EBF537E00E1435E /* ComponentViewModel.swift in Sources */,
				4946739F20548C730028DFAD /* Unselectable.swift in Sources */,
				49D472761EBF537E00E1435E /* ComponentController.swift in Sources */,
			);
			runOnlyForDeploymentPostprocessing = 0;
		};
		4968547D1BD6741C00589F4C /* Sources */ = {
			isa = PBXSourcesBuildPhase;
			buildActionMask = 2147483647;
			files = (
				493287211EFAA0CD009D1326 /* ComponentContainerSpec.swift in Sources */,
				491679B8200C1C310070361F /* DisplayObservationTests.swift in Sources */,
				49D4731D1EBF5D9400E1435E /* AnyObservationSpec.swift in Sources */,
				49D473211EBF5D9700E1435E /* ComponentViewControllerSpec.swift in Sources */,
			);
			runOnlyForDeploymentPostprocessing = 0;
		};
		49D472A81EBF547500E1435E /* Sources */ = {
			isa = PBXSourcesBuildPhase;
			buildActionMask = 2147483647;
			files = (
				49D472C51EBF548600E1435E /* AsyncCommand.swift in Sources */,
				49D472C41EBF548200E1435E /* Bond.swift in Sources */,
				495D81CA2023824F00E0AA80 /* DisplayObservation+Bond.swift in Sources */,
				49D472C81EBF548600E1435E /* RelayCommand.swift in Sources */,
				49D472CD1EBF551E00E1435E /* CommandObservation.swift in Sources */,
			);
			runOnlyForDeploymentPostprocessing = 0;
		};
		49D472B11EBF547500E1435E /* Sources */ = {
			isa = PBXSourcesBuildPhase;
			buildActionMask = 2147483647;
			files = (
				4962DD91201FC3700076E6F5 /* DisplayObservationTests.swift in Sources */,
				49D473241EBF5EAE00E1435E /* BondSpec.swift in Sources */,
				49D473251EBF5EB300E1435E /* AsyncCommandSpec.swift in Sources */,
			);
			runOnlyForDeploymentPostprocessing = 0;
		};
/* End PBXSourcesBuildPhase section */

/* Begin PBXTargetDependency section */
		496854841BD6741D00589F4C /* PBXTargetDependency */ = {
			isa = PBXTargetDependency;
			target = 496854771BD6741C00589F4C /* Akane */;
			targetProxy = 496854831BD6741D00589F4C /* PBXContainerItemProxy */;
		};
		49D472B81EBF547500E1435E /* PBXTargetDependency */ = {
			isa = PBXTargetDependency;
			target = 49D472AC1EBF547500E1435E /* AkaneBond */;
			targetProxy = 49D472B71EBF547500E1435E /* PBXContainerItemProxy */;
		};
/* End PBXTargetDependency section */

/* Begin XCBuildConfiguration section */
		4926EADD1A5EBCC0005A3D71 /* Debug */ = {
			isa = XCBuildConfiguration;
			buildSettings = {
				ALWAYS_SEARCH_USER_PATHS = NO;
				CLANG_CXX_LANGUAGE_STANDARD = "gnu++0x";
				CLANG_CXX_LIBRARY = "libc++";
				CLANG_ENABLE_MODULES = YES;
				CLANG_ENABLE_OBJC_ARC = YES;
				CLANG_WARN_BLOCK_CAPTURE_AUTORELEASING = YES;
				CLANG_WARN_BOOL_CONVERSION = YES;
				CLANG_WARN_COMMA = YES;
				CLANG_WARN_CONSTANT_CONVERSION = YES;
				CLANG_WARN_DIRECT_OBJC_ISA_USAGE = YES_ERROR;
				CLANG_WARN_EMPTY_BODY = YES;
				CLANG_WARN_ENUM_CONVERSION = YES;
				CLANG_WARN_INFINITE_RECURSION = YES;
				CLANG_WARN_INT_CONVERSION = YES;
				CLANG_WARN_NON_LITERAL_NULL_CONVERSION = YES;
				CLANG_WARN_OBJC_LITERAL_CONVERSION = YES;
				CLANG_WARN_OBJC_ROOT_CLASS = YES_ERROR;
				CLANG_WARN_RANGE_LOOP_ANALYSIS = YES;
				CLANG_WARN_STRICT_PROTOTYPES = YES;
				CLANG_WARN_SUSPICIOUS_MOVE = YES;
				CLANG_WARN_UNREACHABLE_CODE = YES;
				CLANG_WARN__DUPLICATE_METHOD_MATCH = YES;
				COPY_PHASE_STRIP = NO;
				ENABLE_STRICT_OBJC_MSGSEND = YES;
				ENABLE_TESTABILITY = YES;
				FRAMEWORK_SEARCH_PATHS = (
					"$(inherited)",
					"$(PROJECT_DIR)/Carthage/Build/iOS",
				);
				GCC_C_LANGUAGE_STANDARD = gnu99;
				GCC_DYNAMIC_NO_PIC = NO;
				GCC_NO_COMMON_BLOCKS = YES;
				GCC_OPTIMIZATION_LEVEL = 0;
				GCC_PREPROCESSOR_DEFINITIONS = (
					"DEBUG=1",
					"$(inherited)",
				);
				GCC_SYMBOLS_PRIVATE_EXTERN = NO;
				GCC_WARN_64_TO_32_BIT_CONVERSION = YES;
				GCC_WARN_ABOUT_RETURN_TYPE = YES_ERROR;
				GCC_WARN_UNDECLARED_SELECTOR = YES;
				GCC_WARN_UNINITIALIZED_AUTOS = YES_AGGRESSIVE;
				GCC_WARN_UNUSED_FUNCTION = YES;
				GCC_WARN_UNUSED_VARIABLE = YES;
				IPHONEOS_DEPLOYMENT_TARGET = 8.0;
				MTL_ENABLE_DEBUG_INFO = YES;
				ONLY_ACTIVE_ARCH = YES;
				SDKROOT = iphoneos;
			};
			name = Debug;
		};
		4926EADE1A5EBCC0005A3D71 /* Release */ = {
			isa = XCBuildConfiguration;
			buildSettings = {
				ALWAYS_SEARCH_USER_PATHS = NO;
				CLANG_CXX_LANGUAGE_STANDARD = "gnu++0x";
				CLANG_CXX_LIBRARY = "libc++";
				CLANG_ENABLE_MODULES = YES;
				CLANG_ENABLE_OBJC_ARC = YES;
				CLANG_WARN_BLOCK_CAPTURE_AUTORELEASING = YES;
				CLANG_WARN_BOOL_CONVERSION = YES;
				CLANG_WARN_COMMA = YES;
				CLANG_WARN_CONSTANT_CONVERSION = YES;
				CLANG_WARN_DIRECT_OBJC_ISA_USAGE = YES_ERROR;
				CLANG_WARN_EMPTY_BODY = YES;
				CLANG_WARN_ENUM_CONVERSION = YES;
				CLANG_WARN_INFINITE_RECURSION = YES;
				CLANG_WARN_INT_CONVERSION = YES;
				CLANG_WARN_NON_LITERAL_NULL_CONVERSION = YES;
				CLANG_WARN_OBJC_LITERAL_CONVERSION = YES;
				CLANG_WARN_OBJC_ROOT_CLASS = YES_ERROR;
				CLANG_WARN_RANGE_LOOP_ANALYSIS = YES;
				CLANG_WARN_STRICT_PROTOTYPES = YES;
				CLANG_WARN_SUSPICIOUS_MOVE = YES;
				CLANG_WARN_UNREACHABLE_CODE = YES;
				CLANG_WARN__DUPLICATE_METHOD_MATCH = YES;
				COPY_PHASE_STRIP = YES;
				ENABLE_NS_ASSERTIONS = NO;
				ENABLE_STRICT_OBJC_MSGSEND = YES;
				ENABLE_TESTABILITY = YES;
				FRAMEWORK_SEARCH_PATHS = (
					"$(inherited)",
					"$(PROJECT_DIR)/Carthage/Build/iOS",
				);
				GCC_C_LANGUAGE_STANDARD = gnu99;
				GCC_NO_COMMON_BLOCKS = YES;
				GCC_WARN_64_TO_32_BIT_CONVERSION = YES;
				GCC_WARN_ABOUT_RETURN_TYPE = YES_ERROR;
				GCC_WARN_UNDECLARED_SELECTOR = YES;
				GCC_WARN_UNINITIALIZED_AUTOS = YES_AGGRESSIVE;
				GCC_WARN_UNUSED_FUNCTION = YES;
				GCC_WARN_UNUSED_VARIABLE = YES;
				IPHONEOS_DEPLOYMENT_TARGET = 8.0;
				MTL_ENABLE_DEBUG_INFO = NO;
				SDKROOT = iphoneos;
				SWIFT_OPTIMIZATION_LEVEL = "-Owholemodule";
				VALIDATE_PRODUCT = YES;
			};
			name = Release;
		};
		4968548A1BD6741D00589F4C /* Debug */ = {
			isa = XCBuildConfiguration;
			buildSettings = {
				CLANG_ENABLE_MODULES = YES;
				"CODE_SIGN_IDENTITY[sdk=iphoneos*]" = "";
				CURRENT_PROJECT_VERSION = 1;
				DEBUG_INFORMATION_FORMAT = dwarf;
				DEFINES_MODULE = YES;
				DYLIB_COMPATIBILITY_VERSION = 1;
				DYLIB_CURRENT_VERSION = 1;
				DYLIB_INSTALL_NAME_BASE = "@rpath";
				GCC_NO_COMMON_BLOCKS = YES;
				INFOPLIST_FILE = Akane/Info.plist;
				INSTALL_PATH = "$(LOCAL_LIBRARY_DIR)/Frameworks";
				LD_RUNPATH_SEARCH_PATHS = "$(inherited) @executable_path/Frameworks @loader_path/Frameworks";
				PRODUCT_BUNDLE_IDENTIFIER = Akane.Akane;
				PRODUCT_NAME = "$(TARGET_NAME)";
				SKIP_INSTALL = YES;
				SWIFT_OPTIMIZATION_LEVEL = "-Onone";
				SWIFT_VERSION = 4.0;
				TARGETED_DEVICE_FAMILY = "1,2";
				VERSIONING_SYSTEM = "apple-generic";
				VERSION_INFO_PREFIX = "";
			};
			name = Debug;
		};
		4968548B1BD6741D00589F4C /* Release */ = {
			isa = XCBuildConfiguration;
			buildSettings = {
				CLANG_ENABLE_MODULES = YES;
				"CODE_SIGN_IDENTITY[sdk=iphoneos*]" = "";
				COPY_PHASE_STRIP = NO;
				CURRENT_PROJECT_VERSION = 1;
				DEBUG_INFORMATION_FORMAT = "dwarf-with-dsym";
				DEFINES_MODULE = YES;
				DYLIB_COMPATIBILITY_VERSION = 1;
				DYLIB_CURRENT_VERSION = 1;
				DYLIB_INSTALL_NAME_BASE = "@rpath";
				GCC_NO_COMMON_BLOCKS = YES;
				INFOPLIST_FILE = Akane/Info.plist;
				INSTALL_PATH = "$(LOCAL_LIBRARY_DIR)/Frameworks";
				LD_RUNPATH_SEARCH_PATHS = "$(inherited) @executable_path/Frameworks @loader_path/Frameworks";
				PRODUCT_BUNDLE_IDENTIFIER = Akane.Akane;
				PRODUCT_NAME = "$(TARGET_NAME)";
				SKIP_INSTALL = YES;
				SWIFT_VERSION = 4.0;
				TARGETED_DEVICE_FAMILY = "1,2";
				VERSIONING_SYSTEM = "apple-generic";
				VERSION_INFO_PREFIX = "";
			};
			name = Release;
		};
		4968548D1BD6741D00589F4C /* Debug */ = {
			isa = XCBuildConfiguration;
			buildSettings = {
				CLANG_ENABLE_MODULES = YES;
				"CODE_SIGN_IDENTITY[sdk=iphoneos*]" = "iPhone Developer";
				DEBUG_INFORMATION_FORMAT = dwarf;
				GCC_NO_COMMON_BLOCKS = YES;
				INFOPLIST_FILE = Tests/Info.plist;
				IPHONEOS_DEPLOYMENT_TARGET = 9.0;
				LD_RUNPATH_SEARCH_PATHS = "$(inherited) @executable_path/Frameworks @loader_path/Frameworks";
				PRODUCT_BUNDLE_IDENTIFIER = Akane.AkaneTests;
				PRODUCT_NAME = "$(TARGET_NAME)";
				SWIFT_OPTIMIZATION_LEVEL = "-Onone";
				SWIFT_VERSION = 4.0;
			};
			name = Debug;
		};
		4968548E1BD6741D00589F4C /* Release */ = {
			isa = XCBuildConfiguration;
			buildSettings = {
				CLANG_ENABLE_MODULES = YES;
				"CODE_SIGN_IDENTITY[sdk=iphoneos*]" = "iPhone Developer";
				COPY_PHASE_STRIP = NO;
				DEBUG_INFORMATION_FORMAT = "dwarf-with-dsym";
				GCC_NO_COMMON_BLOCKS = YES;
				INFOPLIST_FILE = Tests/Info.plist;
				IPHONEOS_DEPLOYMENT_TARGET = 9.0;
				LD_RUNPATH_SEARCH_PATHS = "$(inherited) @executable_path/Frameworks @loader_path/Frameworks";
				PRODUCT_BUNDLE_IDENTIFIER = Akane.AkaneTests;
				PRODUCT_NAME = "$(TARGET_NAME)";
				SWIFT_VERSION = 4.0;
			};
			name = Release;
		};
		49D472BF1EBF547500E1435E /* Debug */ = {
			isa = XCBuildConfiguration;
			buildSettings = {
				CLANG_ANALYZER_NONNULL = YES;
				CLANG_ANALYZER_NUMBER_OBJECT_CONVERSION = YES_AGGRESSIVE;
				CLANG_WARN_DOCUMENTATION_COMMENTS = YES;
				CODE_SIGN_IDENTITY = "";
				"CODE_SIGN_IDENTITY[sdk=iphoneos*]" = "";
				CURRENT_PROJECT_VERSION = 1;
				DEBUG_INFORMATION_FORMAT = dwarf;
				DEFINES_MODULE = YES;
				DYLIB_COMPATIBILITY_VERSION = 1;
				DYLIB_CURRENT_VERSION = 1;
				DYLIB_INSTALL_NAME_BASE = "@rpath";
				INFOPLIST_FILE = "$(SRCROOT)/Akane/Info.plist";
				INSTALL_PATH = "$(LOCAL_LIBRARY_DIR)/Frameworks";
				IPHONEOS_DEPLOYMENT_TARGET = 8.0;
				LD_RUNPATH_SEARCH_PATHS = "$(inherited) @executable_path/Frameworks @loader_path/Frameworks";
				OTHER_SWIFT_FLAGS = "$(inherited) \"-D\" \"COCOAPODS\" -D AKANE_AS_FRAMEWORK";
				PRODUCT_BUNDLE_IDENTIFIER = fr.akane.AkaneBond;
				PRODUCT_NAME = "$(TARGET_NAME)";
				SKIP_INSTALL = YES;
				SWIFT_ACTIVE_COMPILATION_CONDITIONS = DEBUG;
				SWIFT_OPTIMIZATION_LEVEL = "-Onone";
				SWIFT_VERSION = 4.0;
				TARGETED_DEVICE_FAMILY = "1,2";
				VERSIONING_SYSTEM = "apple-generic";
				VERSION_INFO_PREFIX = "";
			};
			name = Debug;
		};
		49D472C01EBF547500E1435E /* Release */ = {
			isa = XCBuildConfiguration;
			buildSettings = {
				CLANG_ANALYZER_NONNULL = YES;
				CLANG_ANALYZER_NUMBER_OBJECT_CONVERSION = YES_AGGRESSIVE;
				CLANG_WARN_DOCUMENTATION_COMMENTS = YES;
				CODE_SIGN_IDENTITY = "";
				"CODE_SIGN_IDENTITY[sdk=iphoneos*]" = "";
				COPY_PHASE_STRIP = NO;
				CURRENT_PROJECT_VERSION = 1;
				DEBUG_INFORMATION_FORMAT = "dwarf-with-dsym";
				DEFINES_MODULE = YES;
				DYLIB_COMPATIBILITY_VERSION = 1;
				DYLIB_CURRENT_VERSION = 1;
				DYLIB_INSTALL_NAME_BASE = "@rpath";
				INFOPLIST_FILE = "$(SRCROOT)/Akane/Info.plist";
				INSTALL_PATH = "$(LOCAL_LIBRARY_DIR)/Frameworks";
				IPHONEOS_DEPLOYMENT_TARGET = 8.0;
				LD_RUNPATH_SEARCH_PATHS = "$(inherited) @executable_path/Frameworks @loader_path/Frameworks";
				OTHER_SWIFT_FLAGS = "$(inherited) \"-D\" \"COCOAPODS\" -D AKANE_AS_FRAMEWORK";
				PRODUCT_BUNDLE_IDENTIFIER = fr.akane.AkaneBond;
				PRODUCT_NAME = "$(TARGET_NAME)";
				SKIP_INSTALL = YES;
				SWIFT_VERSION = 4.0;
				TARGETED_DEVICE_FAMILY = "1,2";
				VERSIONING_SYSTEM = "apple-generic";
				VERSION_INFO_PREFIX = "";
			};
			name = Release;
		};
		49D472C21EBF547500E1435E /* Debug */ = {
			isa = XCBuildConfiguration;
			buildSettings = {
				CLANG_ANALYZER_NONNULL = YES;
				CLANG_ANALYZER_NUMBER_OBJECT_CONVERSION = YES_AGGRESSIVE;
				CLANG_WARN_DOCUMENTATION_COMMENTS = YES;
				"CODE_SIGN_IDENTITY[sdk=iphoneos*]" = "iPhone Developer";
				DEBUG_INFORMATION_FORMAT = dwarf;
				INFOPLIST_FILE = Tests/Info.plist;
				IPHONEOS_DEPLOYMENT_TARGET = 10.3;
				LD_RUNPATH_SEARCH_PATHS = "$(inherited) @executable_path/Frameworks @loader_path/Frameworks";
				PRODUCT_BUNDLE_IDENTIFIER = fr.akane.AkaneBondTests;
				PRODUCT_NAME = "$(TARGET_NAME)";
				SWIFT_ACTIVE_COMPILATION_CONDITIONS = DEBUG;
				SWIFT_OPTIMIZATION_LEVEL = "-Onone";
				SWIFT_SWIFT3_OBJC_INFERENCE = On;
				SWIFT_VERSION = 4.0;
			};
			name = Debug;
		};
		49D472C31EBF547500E1435E /* Release */ = {
			isa = XCBuildConfiguration;
			buildSettings = {
				CLANG_ANALYZER_NONNULL = YES;
				CLANG_ANALYZER_NUMBER_OBJECT_CONVERSION = YES_AGGRESSIVE;
				CLANG_WARN_DOCUMENTATION_COMMENTS = YES;
				"CODE_SIGN_IDENTITY[sdk=iphoneos*]" = "iPhone Developer";
				COPY_PHASE_STRIP = NO;
				DEBUG_INFORMATION_FORMAT = "dwarf-with-dsym";
				INFOPLIST_FILE = Tests/Info.plist;
				IPHONEOS_DEPLOYMENT_TARGET = 10.3;
				LD_RUNPATH_SEARCH_PATHS = "$(inherited) @executable_path/Frameworks @loader_path/Frameworks";
				PRODUCT_BUNDLE_IDENTIFIER = fr.akane.AkaneBondTests;
				PRODUCT_NAME = "$(TARGET_NAME)";
				SWIFT_SWIFT3_OBJC_INFERENCE = On;
				SWIFT_VERSION = 4.0;
			};
			name = Release;
		};
/* End XCBuildConfiguration section */

/* Begin XCConfigurationList section */
		4926EAC61A5EBCBF005A3D71 /* Build configuration list for PBXProject "Akane" */ = {
			isa = XCConfigurationList;
			buildConfigurations = (
				4926EADD1A5EBCC0005A3D71 /* Debug */,
				4926EADE1A5EBCC0005A3D71 /* Release */,
			);
			defaultConfigurationIsVisible = 0;
			defaultConfigurationName = Release;
		};
		496854891BD6741D00589F4C /* Build configuration list for PBXNativeTarget "Akane" */ = {
			isa = XCConfigurationList;
			buildConfigurations = (
				4968548A1BD6741D00589F4C /* Debug */,
				4968548B1BD6741D00589F4C /* Release */,
			);
			defaultConfigurationIsVisible = 0;
			defaultConfigurationName = Release;
		};
		4968548C1BD6741D00589F4C /* Build configuration list for PBXNativeTarget "AkaneTests" */ = {
			isa = XCConfigurationList;
			buildConfigurations = (
				4968548D1BD6741D00589F4C /* Debug */,
				4968548E1BD6741D00589F4C /* Release */,
			);
			defaultConfigurationIsVisible = 0;
			defaultConfigurationName = Release;
		};
		49D472BE1EBF547500E1435E /* Build configuration list for PBXNativeTarget "AkaneBond" */ = {
			isa = XCConfigurationList;
			buildConfigurations = (
				49D472BF1EBF547500E1435E /* Debug */,
				49D472C01EBF547500E1435E /* Release */,
			);
			defaultConfigurationIsVisible = 0;
			defaultConfigurationName = Release;
		};
		49D472C11EBF547500E1435E /* Build configuration list for PBXNativeTarget "AkaneBondTests" */ = {
			isa = XCConfigurationList;
			buildConfigurations = (
				49D472C21EBF547500E1435E /* Debug */,
				49D472C31EBF547500E1435E /* Release */,
			);
			defaultConfigurationIsVisible = 0;
			defaultConfigurationName = Release;
		};
/* End XCConfigurationList section */
	};
	rootObject = 4926EAC31A5EBCBF005A3D71 /* Project object */;
}
